{
  "version": 4,
  "terraform_version": "1.16.3",
  "serial": 165,
  "lineage": "68a0306c-51d8-57b4-4699-d0ad6abf358a",
  "outputs": {},
  "resources": [
    {
      "mode": "data",
      "type": "aws_secretsmanager_secret",
      "name": "db_password",
      "provider": "provider[\"registry.terraform.io/hashicorp/aws\"]",
      "instances": [
        {
          "schema_version": 0,
          "attributes": {
            "arn": "arn:aws:secretsmanager:us-east-1:552940445807:secret:jenkins-ecs-deployment-db-password-YjBaW1",
            "created_date": "2026-09-22T06:49:31Z",
            "description": "",
            "id": "arn:aws:secretsmanager:us-east-1:552940445807:secret:jenkins-ecs-deployment-db-password-YjBaW1",
            "kms_key_id": "",
            "last_changed_date": "2026-09-22T07:43:57Z",
            "name": "jenkins-ecs-deployment-db-password",
            "policy": "",
            "region": "us-east-1",
            "tags": {},
            "type": ""
          },
          "sensitive_attributes": [],
          "identity_schema_version": 0
        }
      ]
    },
    {
      "mode": "data",
      "type": "aws_subnets",
      "name": "main",
      "provider": "provider[\"registry.terraform.io/hashicorp/aws\"]",
      "instances": [
        {
          "schema_version": 0,
          "attributes": {
            "filter": [
              {
                "name": "vpc-id",
                "values": [
                  "vpc-02cb40b4e650bf1fb"
                ]
              }
            ],
            "id": "us-east-1",
            "ids": [
              "subnet-0034bda580633f970",
              "subnet-0642a3fa899c6b146",
              "subnet-0b0af126460583eba",
              "subnet-0dd5d6a1cc7844d56",
              "subnet-0ab9f1adb21d08d4a",
              "subnet-08a15b0fc26f78b95"
            ],
            "region": "us-east-1",
            "tags": null,
            "timeouts": null
          },
          "sensitive_attributes": [],
          "identity_schema_version": 0
        }
      ]
    },
    {
      "mode": "data",
      "type": "aws_vpc",
      "name": "main",
      "provider": "provider[\"registry.terraform.io/hashicorp/aws\"]",
      "instances": [
        {
          "schema_version": 0,
          "attributes": {
            "arn": "arn:aws:ec2:us-east-1:552940445807:vpc/vpc-02cb40b4e650bf1fb",
            "cidr_block": "172.31.0.0/16",
            "cidr_block_associations": [
              {
                "association_id": "vpc-cidr-assoc-0cdfea5b748a218ff",
                "cidr_block": "172.31.0.0/16",
                "state": "associated"
              }
            ],
            "default": true,
            "dhcp_options_id": "dopt-07f456cc180bc14e0",
            "enable_dns_hostnames": true,
            "enable_dns_support": true,
            "enable_network_address_usage_metrics": false,
            "filter": null,
            "id": "vpc-02cb40b4e650bf1fb",
            "instance_tenancy": "default",
            "ipv6_association_id": "",
            "ipv6_cidr_block": "",
            "ipv6_cidr_block_associations": [],
            "main_route_table_id": "rtb-0e166e0ecc1275895",
            "owner_id": "552940445807",
            "region": "us-east-1",
            "state": null,
            "tags": {},
            "timeouts": null
          },
          "sensitive_attributes": [],
          "identity_schema_version": 0
        }
      ]
    },
    {
      "mode": "managed",
      "type": "aws_ecr_repository",
      "name": "backend",
      "provider": "provider[\"registry.terraform.io/hashicorp/aws\"]",
      "instances": [
        {
          "schema_version": 0,
          "attributes": {
            "arn": "arn:aws:ecr:us-east-1:552940445807:repository/jenkins-ecs-deployment-backend",
            "encryption_configuration": [
              {
                "encryption_type": "AES256",
                "kms_key": ""
              }
            ],
            "force_delete": null,
            "id": "jenkins-ecs-deployment-backend",
            "image_scanning_configuration": [
              {
                "scan_on_push": true
              }
            ],
            "image_tag_mutability": "IMMUTABLE",
            "image_tag_mutability_exclusion_filter": [],
            "name": "jenkins-ecs-deployment-backend",
            "region": "us-east-1",
            "registry_id": "552940445807",
            "repository_url": "552940445807.dkr.ecr.us-east-1.amazonaws.com/jenkins-ecs-deployment-backend",
            "tags": {},
            "tags_all": {},
            "timeouts": null
          },
          "sensitive_attributes": [],
          "identity_schema_version": 0,
          "identity": {
            "account_id": "552940445807",
            "name": "jenkins-ecs-deployment-backend",
            "region": "us-east-1"
          },
          "private": "eyJlMmJmYjczMC1lY2FhLTExZTYtOGY4OC0zNDM2M2JjN2M0YzAiOnsiZGVsZXRlIjoxMjAwMDAwMDAwMDAwfX0="
        }
      ]
    },
    {
      "mode": "managed",
      "type": "aws_ecr_repository",
      "name": "db",
      "provider": "provider[\"registry.terraform.io/hashicorp/aws\"]",
      "instances": [
        {
          "schema_version": 0,
          "attributes": {
            "arn": "arn:aws:ecr:us-east-1:552940445807:repository/jenkins-ecs-deployment-db",
            "encryption_configuration": [
              {
                "encryption_type": "AES256",
                "kms_key": ""
              }
            ],
            "force_delete": null,
            "id": "jenkins-ecs-deployment-db",
            "image_scanning_configuration": [
              {
                "scan_on_push": true
              }
            ],
            "image_tag_mutability": "IMMUTABLE",
            "image_tag_mutability_exclusion_filter": [],
            "name": "jenkins-ecs-deployment-db",
            "region": "us-east-1",
            "registry_id": "552940445807",
            "repository_url": "552940445807.dkr.ecr.us-east-1.amazonaws.com/jenkins-ecs-deployment-db",
            "tags": {},
            "tags_all": {},
            "timeouts": null
          },
          "sensitive_attributes": [],
          "identity_schema_version": 0,
          "identity": {
            "account_id": "552940445807",
            "name": "jenkins-ecs-deployment-db",
            "region": "us-east-1"
          },
          "private": "eyJlMmJmYjczMC1lY2FhLTExZTYtOGY4OC0zNDM2M2JjN2M0YzAiOnsiZGVsZXRlIjoxMjAwMDAwMDAwMDAwfX0="
        }
      ]
    },
    {
      "mode": "managed",
      "type": "aws_ecr_repository",
      "name": "frontend",
      "provider": "provider[\"registry.terraform.io/hashicorp/aws\"]",
      "instances": [
        {
          "schema_version": 0,
          "attributes": {
            "arn": "arn:aws:ecr:us-east-1:552940445807:repository/jenkins-ecs-deployment-frontend",
            "encryption_configuration": [
              {
                "encryption_type": "AES256",
                "kms_key": ""
              }
            ],
            "force_delete": null,
            "id": "jenkins-ecs-deployment-frontend",
            "image_scanning_configuration": [
              {
                "scan_on_push": true
              }
            ],
            "image_tag_mutability": "IMMUTABLE",
            "image_tag_mutability_exclusion_filter": [],
            "name": "jenkins-ecs-deployment-frontend",
            "region": "us-east-1",
            "registry_id": "552940445807",
            "repository_url": "552940445807.dkr.ecr.us-east-1.amazonaws.com/jenkins-ecs-deployment-frontend",
            "tags": {},
            "tags_all": {},
            "timeouts": null
          },
          "sensitive_attributes": [],
          "identity_schema_version": 0,
          "identity": {
            "account_id": "552940445807",
            "name": "jenkins-ecs-deployment-frontend",
            "region": "us-east-1"
          },
          "private": "eyJlMmJmYjczMC1lY2FhLTExZTYtOGY4OC0zNDM2M2JjN2M0YzAiOnsiZGVsZXRlIjoxMjAwMDAwMDAwMDAwfX0="
        }
      ]
    },
    {
      "mode": "managed",
      "type": "aws_ecs_cluster",
      "name": "dev",
      "provider": "provider[\"registry.terraform.io/hashicorp/aws\"]",
      "instances": [
        {
          "schema_version": 0,
          "attributes": {
            "arn": "arn:aws:ecs:us-east-1:552940445807:cluster/jenkins-ecs-deployment-dev-cluster",
            "configuration": [],
            "id": "arn:aws:ecs:us-east-1:552940445807:cluster/jenkins-ecs-deployment-dev-cluster",
            "name": "jenkins-ecs-deployment-dev-cluster",
            "region": "us-east-1",
            "service_connect_defaults": [],
            "setting": [
              {
                "name": "containerInsights",
                "value": "disabled"
              }
            ],
            "tags": {},
            "tags_all": {}
          },
          "sensitive_attributes": [],
          "identity_schema_version": 0,
          "identity": {
            "account_id": "552940445807",
            "name": "jenkins-ecs-deployment-dev-cluster",
            "region": "us-east-1"
          },
          "private": "bnVsbA=="
        }
      ]
    },
    {
      "mode": "managed",
      "type": "aws_ecs_cluster",
      "name": "prod",
      "provider": "provider[\"registry.terraform.io/hashicorp/aws\"]",
      "instances": [
        {
          "schema_version": 0,
          "attributes": {
            "arn": "arn:aws:ecs:us-east-1:552940445807:cluster/jenkins-ecs-deployment-prod-cluster",
            "configuration": [],
            "id": "arn:aws:ecs:us-east-1:552940445807:cluster/jenkins-ecs-deployment-prod-cluster",
            "name": "jenkins-ecs-deployment-prod-cluster",
            "region": "us-east-1",
            "service_connect_defaults": [],
            "setting": [
              {
                "name": "containerInsights",
                "value": "disabled"
              }
            ],
            "tags": {},
            "tags_all": {}
          },
          "sensitive_attributes": [],
          "identity_schema_version": 0,
          "identity": {
            "account_id": "552940445807",
            "name": "jenkins-ecs-deployment-prod-cluster",
            "region": "us-east-1"
          },
          "private": "bnVsbA=="
        }
      ]
    },
    {
      "mode": "managed",
      "type": "aws_ecs_cluster",
      "name": "qa",
      "provider": "provider[\"registry.terraform.io/hashicorp/aws\"]",
      "instances": [
        {
          "schema_version": 0,
          "attributes": {
            "arn": "arn:aws:ecs:us-east-1:552940445807:cluster/jenkins-ecs-deployment-qa-cluster",
            "configuration": [],
            "id": "arn:aws:ecs:us-east-1:552940445807:cluster/jenkins-ecs-deployment-qa-cluster",
            "name": "jenkins-ecs-deployment-qa-cluster",
            "region": "us-east-1",
            "service_connect_defaults": [],
            "setting": [
              {
                "name": "containerInsights",
                "value": "disabled"
              }
            ],
            "tags": {},
            "tags_all": {}
          },
          "sensitive_attributes": [],
          "identity_schema_version": 0,
          "identity": {
            "account_id": "552940445807",
            "name": "jenkins-ecs-deployment-qa-cluster",
            "region": "us-east-1"
          },
          "private": "bnVsbA=="
        }
      ]
    },
    {
      "mode": "managed",
      "type": "aws_ecs_cluster",
      "name": "uat",
      "provider": "provider[\"registry.terraform.io/hashicorp/aws\"]",
      "instances": [
        {
          "schema_version": 0,
          "attributes": {
            "arn": "arn:aws:ecs:us-east-1:552940445807:cluster/jenkins-ecs-deployment-uat-cluster",
            "configuration": [],
            "id": "arn:aws:ecs:us-east-1:552940445807:cluster/jenkins-ecs-deployment-uat-cluster",
            "name": "jenkins-ecs-deployment-uat-cluster",
            "region": "us-east-1",
            "service_connect_defaults": [],
            "setting": [
              {
                "name": "containerInsights",
                "value": "disabled"
              }
            ],
            "tags": {},
            "tags_all": {}
          },
          "sensitive_attributes": [],
          "identity_schema_version": 0,
          "identity": {
            "account_id": "552940445807",
            "name": "jenkins-ecs-deployment-uat-cluster",
            "region": "us-east-1"
          },
          "private": "bnVsbA=="
        }
      ]
    },
    {
      "mode": "managed",
      "type": "aws_ecs_service",
      "name": "backend",
      "provider": "provider[\"registry.terraform.io/hashicorp/aws\"]",
      "instances": [
        {
          "index_key": "prod",
          "schema_version": 1,
          "attributes": {
            "alarms": [],
            "arn": "arn:aws:ecs:us-east-1:552940445807:service/jenkins-ecs-deployment-prod-cluster/jenkins-ecs-deployment-prod-backend-service",
            "availability_zone_rebalancing": "ENABLED",
            "capacity_provider_strategy": [],
            "cluster": "arn:aws:ecs:us-east-1:552940445807:cluster/jenkins-ecs-deployment-prod-cluster",
            "deployment_circuit_breaker": [
              {
                "enable": false,
                "rollback": false
              }
            ],
            "deployment_configuration": [
              {
                "bake_time_in_minutes": "0",
                "canary_configuration": [],
                "lifecycle_hook": [],
                "linear_configuration": [],
                "strategy": "ROLLING"
              }
            ],
            "deployment_controller": [
              {
                "type": "ECS"
              }
            ],
            "deployment_maximum_percent": 200,
            "deployment_minimum_healthy_percent": 100,
            "desired_count": 1,
            "enable_ecs_managed_tags": false,
            "enable_execute_command": false,
            "force_delete": null,
            "force_new_deployment": null,
            "health_check_grace_period_seconds": 0,
            "iam_role": "/aws-service-role/ecs.amazonaws.com/AWSServiceRoleForECS",
            "id": "arn:aws:ecs:us-east-1:552940445807:service/jenkins-ecs-deployment-prod-cluster/jenkins-ecs-deployment-prod-backend-service",
            "launch_type": "FARGATE",
            "load_balancer": [],
            "name": "jenkins-ecs-deployment-prod-backend-service",
            "network_configuration": [
              {
                "assign_public_ip": true,
                "security_groups": [
                  "sg-04dd037b58929e473"
                ],
                "subnets": [
                  "subnet-0034bda580633f970",
                  "subnet-0642a3fa899c6b146",
                  "subnet-08a15b0fc26f78b95",
                  "subnet-0ab9f1adb21d08d4a",
                  "subnet-0b0af126460583eba",
                  "subnet-0dd5d6a1cc7844d56"
                ]
              }
            ],
            "ordered_placement_strategy": [],
            "placement_constraints": [],
            "platform_version": "LATEST",
            "propagate_tags": "NONE",
            "region": "us-east-1",
            "scheduling_strategy": "REPLICA",
            "service_connect_configuration": [
              {
                "access_log_configuration": [],
                "enabled": true,
                "log_configuration": [],
                "namespace": "arn:aws:servicediscovery:us-east-1:552940445807:namespace/ns-gtclfg3l33c65fsr",
                "service": [
                  {
                    "client_alias": [
                      {
                        "dns_name": "app1-backend.app1-prod",
                        "port": 8000,
                        "test_traffic_rules": []
                      }
                    ],
                    "discovery_name": "app1-backend",
                    "ingress_port_override": 0,
                    "port_name": "backend",
                    "timeout": [],
                    "tls": []
                  }
                ]
              }
            ],
            "service_registries": [],
            "sigint_rollback": null,
            "tags": {},
            "tags_all": {},
            "task_definition": "arn:aws:ecs:us-east-1:552940445807:task-definition/jenkins-ecs-deployment-prod-backend:2",
            "timeouts": null,
            "triggers": {},
            "volume_configuration": [],
            "vpc_lattice_configurations": [],
            "wait_for_steady_state": false
          },
          "sensitive_attributes": [],
          "identity_schema_version": 0,
          "identity": {
            "account_id": "552940445807",
            "cluster": "arn:aws:ecs:us-east-1:552940445807:cluster/jenkins-ecs-deployment-prod-cluster",
            "name": "jenkins-ecs-deployment-prod-backend-service",
            "region": "us-east-1"
          },
          "private": "eyJlMmJmYjczMC1lY2FhLTExZTYtOGY4OC0zNDM2M2JjN2M0YzAiOnsiY3JlYXRlIjoxMjAwMDAwMDAwMDAwLCJkZWxldGUiOjEyMDAwMDAwMDAwMDAsInVwZGF0ZSI6MTIwMDAwMDAwMDAwMH0sInNjaGVtYV92ZXJzaW9uIjoiMSJ9",
          "dependencies": [
            "aws_ecs_cluster.prod",
            "aws_ecs_cluster.qa",
            "aws_ecs_cluster.uat",
            "aws_ecs_task_definition.backend",
            "aws_iam_role.ecs_execution_role",
            "aws_security_group.ecs",
            "aws_service_discovery_http_namespace.app1_prod",
            "aws_service_discovery_http_namespace.app1_qa",
            "aws_service_discovery_http_namespace.app1_uat",
            "data.aws_subnets.main",
            "data.aws_vpc.main"
          ]
        },
        {
          "index_key": "qa",
          "schema_version": 1,
          "attributes": {
            "alarms": [],
            "arn": "arn:aws:ecs:us-east-1:552940445807:service/jenkins-ecs-deployment-qa-cluster/jenkins-ecs-deployment-qa-backend-service",
            "availability_zone_rebalancing": "ENABLED",
            "capacity_provider_strategy": [],
            "cluster": "arn:aws:ecs:us-east-1:552940445807:cluster/jenkins-ecs-deployment-qa-cluster",
            "deployment_circuit_breaker": [
              {
                "enable": false,
                "rollback": false
              }
            ],
            "deployment_configuration": [
              {
                "bake_time_in_minutes": "0",
                "canary_configuration": [],
                "lifecycle_hook": [],
                "linear_configuration": [],
                "strategy": "ROLLING"
              }
            ],
            "deployment_controller": [
              {
                "type": "ECS"
              }
            ],
            "deployment_maximum_percent": 200,
            "deployment_minimum_healthy_percent": 100,
            "desired_count": 1,
            "enable_ecs_managed_tags": false,
            "enable_execute_command": false,
            "force_delete": null,
            "force_new_deployment": null,
            "health_check_grace_period_seconds": 0,
            "iam_role": "/aws-service-role/ecs.amazonaws.com/AWSServiceRoleForECS",
            "id": "arn:aws:ecs:us-east-1:552940445807:service/jenkins-ecs-deployment-qa-cluster/jenkins-ecs-deployment-qa-backend-service",
            "launch_type": "FARGATE",
            "load_balancer": [],
            "name": "jenkins-ecs-deployment-qa-backend-service",
            "network_configuration": [
              {
                "assign_public_ip": true,
                "security_groups": [
                  "sg-04dd037b58929e473"
                ],
                "subnets": [
                  "subnet-0034bda580633f970",
                  "subnet-0642a3fa899c6b146",
                  "subnet-08a15b0fc26f78b95",
                  "subnet-0ab9f1adb21d08d4a",
                  "subnet-0b0af126460583eba",
                  "subnet-0dd5d6a1cc7844d56"
                ]
              }
            ],
            "ordered_placement_strategy": [],
            "placement_constraints": [],
            "platform_version": "LATEST",
            "propagate_tags": "NONE",
            "region": "us-east-1",
            "scheduling_strategy": "REPLICA",
            "service_connect_configuration": [
              {
                "access_log_configuration": [],
                "enabled": true,
                "log_configuration": [],
                "namespace": "arn:aws:servicediscovery:us-east-1:552940445807:namespace/ns-aqi5ojf4y3gj24tm",
                "service": [
                  {
                    "client_alias": [
                      {
                        "dns_name": "app1-backend.app1-qa",
                        "port": 8000,
                        "test_traffic_rules": []
                      }
                    ],
                    "discovery_name": "app1-backend",
                    "ingress_port_override": 0,
                    "port_name": "backend",
                    "timeout": [],
                    "tls": []
                  }
                ]
              }
            ],
            "service_registries": [],
            "sigint_rollback": null,
            "tags": {},
            "tags_all": {},
            "task_definition": "arn:aws:ecs:us-east-1:552940445807:task-definition/jenkins-ecs-deployment-qa-backend:2",
            "timeouts": null,
            "triggers": {},
            "volume_configuration": [],
            "vpc_lattice_configurations": [],
            "wait_for_steady_state": false
          },
          "sensitive_attributes": [],
          "identity_schema_version": 0,
          "identity": {
            "account_id": "552940445807",
            "cluster": "arn:aws:ecs:us-east-1:552940445807:cluster/jenkins-ecs-deployment-qa-cluster",
            "name": "jenkins-ecs-deployment-qa-backend-service",
            "region": "us-east-1"
          },
          "private": "eyJlMmJmYjczMC1lY2FhLTExZTYtOGY4OC0zNDM2M2JjN2M0YzAiOnsiY3JlYXRlIjoxMjAwMDAwMDAwMDAwLCJkZWxldGUiOjEyMDAwMDAwMDAwMDAsInVwZGF0ZSI6MTIwMDAwMDAwMDAwMH0sInNjaGVtYV92ZXJzaW9uIjoiMSJ9",
          "dependencies": [
            "aws_ecs_cluster.prod",
            "aws_ecs_cluster.qa",
            "aws_ecs_cluster.uat",
            "aws_ecs_task_definition.backend",
            "aws_iam_role.ecs_execution_role",
            "aws_security_group.ecs",
            "aws_service_discovery_http_namespace.app1_prod",
            "aws_service_discovery_http_namespace.app1_qa",
            "aws_service_discovery_http_namespace.app1_uat",
            "data.aws_subnets.main",
            "data.aws_vpc.main"
          ]
        },
        {
          "index_key": "uat",
          "schema_version": 1,
          "attributes": {
            "alarms": [],
            "arn": "arn:aws:ecs:us-east-1:552940445807:service/jenkins-ecs-deployment-uat-cluster/jenkins-ecs-deployment-uat-backend-service",
            "availability_zone_rebalancing": "ENABLED",
            "capacity_provider_strategy": [],
            "cluster": "arn:aws:ecs:us-east-1:552940445807:cluster/jenkins-ecs-deployment-uat-cluster",
            "deployment_circuit_breaker": [
              {
                "enable": false,
                "rollback": false
              }
            ],
            "deployment_configuration": [
              {
                "bake_time_in_minutes": "0",
                "canary_configuration": [],
                "lifecycle_hook": [],
                "linear_configuration": [],
                "strategy": "ROLLING"
              }
            ],
            "deployment_controller": [
              {
                "type": "ECS"
              }
            ],
            "deployment_maximum_percent": 200,
            "deployment_minimum_healthy_percent": 100,
            "desired_count": 1,
            "enable_ecs_managed_tags": false,
            "enable_execute_command": false,
            "force_delete": null,
            "force_new_deployment": null,
            "health_check_grace_period_seconds": 0,
            "iam_role": "/aws-service-role/ecs.amazonaws.com/AWSServiceRoleForECS",
            "id": "arn:aws:ecs:us-east-1:552940445807:service/jenkins-ecs-deployment-uat-cluster/jenkins-ecs-deployment-uat-backend-service",
            "launch_type": "FARGATE",
            "load_balancer": [],
            "name": "jenkins-ecs-deployment-uat-backend-service",
            "network_configuration": [
              {
                "assign_public_ip": true,
                "security_groups": [
                  "sg-04dd037b58929e473"
                ],
                "subnets": [
                  "subnet-0034bda580633f970",
                  "subnet-0642a3fa899c6b146",
                  "subnet-08a15b0fc26f78b95",
                  "subnet-0ab9f1adb21d08d4a",
                  "subnet-0b0af126460583eba",
                  "subnet-0dd5d6a1cc7844d56"
                ]
              }
            ],
            "ordered_placement_strategy": [],
            "placement_constraints": [],
            "platform_version": "LATEST",
            "propagate_tags": "NONE",
            "region": "us-east-1",
            "scheduling_strategy": "REPLICA",
            "service_connect_configuration": [
              {
                "access_log_configuration": [],
                "enabled": true,
                "log_configuration": [],
                "namespace": "arn:aws:servicediscovery:us-east-1:552940445807:namespace/ns-kb44jyo2gcgmvn5g",
                "service": [
                  {
                    "client_alias": [
                      {
                        "dns_name": "app1-backend.app1-uat",
                        "port": 8000,
                        "test_traffic_rules": []
                      }
                    ],
                    "discovery_name": "app1-backend",
                    "ingress_port_override": 0,
                    "port_name": "backend",
                    "timeout": [],
                    "tls": []
                  }
                ]
              }
            ],
            "service_registries": [],
            "sigint_rollback": null,
            "tags": {},
            "tags_all": {},
            "task_definition": "arn:aws:ecs:us-east-1:552940445807:task-definition/jenkins-ecs-deployment-uat-backend:2",
            "timeouts": null,
            "triggers": {},
            "volume_configuration": [],
            "vpc_lattice_configurations": [],
            "wait_for_steady_state": false
          },
          "sensitive_attributes": [],
          "identity_schema_version": 0,
          "identity": {
            "account_id": "552940445807",
            "cluster": "arn:aws:ecs:us-east-1:552940445807:cluster/jenkins-ecs-deployment-uat-cluster",
            "name": "jenkins-ecs-deployment-uat-backend-service",
            "region": "us-east-1"
          },
          "private": "eyJlMmJmYjczMC1lY2FhLTExZTYtOGY4OC0zNDM2M2JjN2M0YzAiOnsiY3JlYXRlIjoxMjAwMDAwMDAwMDAwLCJkZWxldGUiOjEyMDAwMDAwMDAwMDAsInVwZGF0ZSI6MTIwMDAwMDAwMDAwMH0sInNjaGVtYV92ZXJzaW9uIjoiMSJ9",
          "dependencies": [
            "aws_ecs_cluster.prod",
            "aws_ecs_cluster.qa",
            "aws_ecs_cluster.uat",
            "aws_ecs_task_definition.backend",
            "aws_iam_role.ecs_execution_role",
            "aws_security_group.ecs",
            "aws_service_discovery_http_namespace.app1_prod",
            "aws_service_discovery_http_namespace.app1_qa",
            "aws_service_discovery_http_namespace.app1_uat",
            "data.aws_subnets.main",
            "data.aws_vpc.main"
          ]
        }
      ]
    },
    {
      "mode": "managed",
      "type": "aws_ecs_service",
      "name": "db",
      "provider": "provider[\"registry.terraform.io/hashicorp/aws\"]",
      "instances": [
        {
          "index_key": "prod",
          "schema_version": 1,
          "attributes": {
            "alarms": [],
            "arn": "arn:aws:ecs:us-east-1:552940445807:service/jenkins-ecs-deployment-prod-cluster/jenkins-ecs-deployment-prod-db-service",
            "availability_zone_rebalancing": "ENABLED",
            "capacity_provider_strategy": [],
            "cluster": "arn:aws:ecs:us-east-1:552940445807:cluster/jenkins-ecs-deployment-prod-cluster",
            "deployment_circuit_breaker": [
              {
                "enable": false,
                "rollback": false
              }
            ],
            "deployment_configuration": [
              {
                "bake_time_in_minutes": "0",
                "canary_configuration": [],
                "lifecycle_hook": [],
                "linear_configuration": [],
                "strategy": "ROLLING"
              }
            ],
            "deployment_controller": [
              {
                "type": "ECS"
              }
            ],
            "deployment_maximum_percent": 200,
            "deployment_minimum_healthy_percent": 100,
            "desired_count": 1,
            "enable_ecs_managed_tags": false,
            "enable_execute_command": false,
            "force_delete": null,
            "force_new_deployment": null,
            "health_check_grace_period_seconds": 0,
            "iam_role": "/aws-service-role/ecs.amazonaws.com/AWSServiceRoleForECS",
            "id": "arn:aws:ecs:us-east-1:552940445807:service/jenkins-ecs-deployment-prod-cluster/jenkins-ecs-deployment-prod-db-service",
            "launch_type": "FARGATE",
            "load_balancer": [],
            "name": "jenkins-ecs-deployment-prod-db-service",
            "network_configuration": [
              {
                "assign_public_ip": true,
                "security_groups": [
                  "sg-04dd037b58929e473"
                ],
                "subnets": [
                  "subnet-0034bda580633f970",
                  "subnet-0642a3fa899c6b146",
                  "subnet-08a15b0fc26f78b95",
                  "subnet-0ab9f1adb21d08d4a",
                  "subnet-0b0af126460583eba",
                  "subnet-0dd5d6a1cc7844d56"
                ]
              }
            ],
            "ordered_placement_strategy": [],
            "placement_constraints": [],
            "platform_version": "LATEST",
            "propagate_tags": "NONE",
            "region": "us-east-1",
            "scheduling_strategy": "REPLICA",
            "service_connect_configuration": [
              {
                "access_log_configuration": [],
                "enabled": true,
                "log_configuration": [],
                "namespace": "arn:aws:servicediscovery:us-east-1:552940445807:namespace/ns-gtclfg3l33c65fsr",
                "service": [
                  {
                    "client_alias": [
                      {
                        "dns_name": "app1-db.app1-prod",
                        "port": 3306,
                        "test_traffic_rules": []
                      }
                    ],
                    "discovery_name": "app1-db",
                    "ingress_port_override": 0,
                    "port_name": "mysql",
                    "timeout": [],
                    "tls": []
                  }
                ]
              }
            ],
            "service_registries": [],
            "sigint_rollback": null,
            "tags": {},
            "tags_all": {},
            "task_definition": "arn:aws:ecs:us-east-1:552940445807:task-definition/jenkins-ecs-deployment-prod-db:2",
            "timeouts": null,
            "triggers": {},
            "volume_configuration": [],
            "vpc_lattice_configurations": [],
            "wait_for_steady_state": false
          },
          "sensitive_attributes": [],
          "identity_schema_version": 0,
          "identity": {
            "account_id": "552940445807",
            "cluster": "arn:aws:ecs:us-east-1:552940445807:cluster/jenkins-ecs-deployment-prod-cluster",
            "name": "jenkins-ecs-deployment-prod-db-service",
            "region": "us-east-1"
          },
          "private": "eyJlMmJmYjczMC1lY2FhLTExZTYtOGY4OC0zNDM2M2JjN2M0YzAiOnsiY3JlYXRlIjoxMjAwMDAwMDAwMDAwLCJkZWxldGUiOjEyMDAwMDAwMDAwMDAsInVwZGF0ZSI6MTIwMDAwMDAwMDAwMH0sInNjaGVtYV92ZXJzaW9uIjoiMSJ9",
          "dependencies": [
            "aws_ecs_cluster.prod",
            "aws_ecs_cluster.qa",
            "aws_ecs_cluster.uat",
            "aws_ecs_task_definition.db",
            "aws_iam_role.ecs_execution_role",
            "aws_security_group.ecs",
            "aws_service_discovery_http_namespace.app1_prod",
            "aws_service_discovery_http_namespace.app1_qa",
            "aws_service_discovery_http_namespace.app1_uat",
            "data.aws_subnets.main",
            "data.aws_vpc.main"
          ]
        },
        {
          "index_key": "qa",
          "schema_version": 1,
          "attributes": {
            "alarms": [],
            "arn": "arn:aws:ecs:us-east-1:552940445807:service/jenkins-ecs-deployment-qa-cluster/jenkins-ecs-deployment-qa-db-service",
            "availability_zone_rebalancing": "ENABLED",
            "capacity_provider_strategy": [],
            "cluster": "arn:aws:ecs:us-east-1:552940445807:cluster/jenkins-ecs-deployment-qa-cluster",
            "deployment_circuit_breaker": [
              {
                "enable": false,
                "rollback": false
              }
            ],
            "deployment_configuration": [
              {
                "bake_time_in_minutes": "0",
                "canary_configuration": [],
                "lifecycle_hook": [],
                "linear_configuration": [],
                "strategy": "ROLLING"
              }
            ],
            "deployment_controller": [
              {
                "type": "ECS"
              }
            ],
            "deployment_maximum_percent": 200,
            "deployment_minimum_healthy_percent": 100,
            "desired_count": 1,
            "enable_ecs_managed_tags": false,
            "enable_execute_command": false,
            "force_delete": null,
            "force_new_deployment": null,
            "health_check_grace_period_seconds": 0,
            "iam_role": "/aws-service-role/ecs.amazonaws.com/AWSServiceRoleForECS",
            "id": "arn:aws:ecs:us-east-1:552940445807:service/jenkins-ecs-deployment-qa-cluster/jenkins-ecs-deployment-qa-db-service",
            "launch_type": "FARGATE",
            "load_balancer": [],
            "name": "jenkins-ecs-deployment-qa-db-service",
            "network_configuration": [
              {
                "assign_public_ip": true,
                "security_groups": [
                  "sg-04dd037b58929e473"
                ],
                "subnets": [
                  "subnet-0034bda580633f970",
                  "subnet-0642a3fa899c6b146",
                  "subnet-08a15b0fc26f78b95",
                  "subnet-0ab9f1adb21d08d4a",
                  "subnet-0b0af126460583eba",
                  "subnet-0dd5d6a1cc7844d56"
                ]
              }
            ],
            "ordered_placement_strategy": [],
            "placement_constraints": [],
            "platform_version": "LATEST",
            "propagate_tags": "NONE",
            "region": "us-east-1",
            "scheduling_strategy": "REPLICA",
            "service_connect_configuration": [
              {
                "access_log_configuration": [],
                "enabled": true,
                "log_configuration": [],
                "namespace": "arn:aws:servicediscovery:us-east-1:552940445807:namespace/ns-aqi5ojf4y3gj24tm",
                "service": [
                  {
                    "client_alias": [
                      {
                        "dns_name": "app1-db.app1-qa",
                        "port": 3306,
                        "test_traffic_rules": []
                      }
                    ],
                    "discovery_name": "app1-db",
                    "ingress_port_override": 0,
                    "port_name": "mysql",
                    "timeout": [],
                    "tls": []
                  }
                ]
              }
            ],
            "service_registries": [],
            "sigint_rollback": null,
            "tags": {},
            "tags_all": {},
            "task_definition": "arn:aws:ecs:us-east-1:552940445807:task-definition/jenkins-ecs-deployment-qa-db:2",
            "timeouts": null,
            "triggers": {},
            "volume_configuration": [],
            "vpc_lattice_configurations": [],
            "wait_for_steady_state": false
          },
          "sensitive_attributes": [],
          "identity_schema_version": 0,
          "identity": {
            "account_id": "552940445807",
            "cluster": "arn:aws:ecs:us-east-1:552940445807:cluster/jenkins-ecs-deployment-qa-cluster",
            "name": "jenkins-ecs-deployment-qa-db-service",
            "region": "us-east-1"
          },
          "private": "eyJlMmJmYjczMC1lY2FhLTExZTYtOGY4OC0zNDM2M2JjN2M0YzAiOnsiY3JlYXRlIjoxMjAwMDAwMDAwMDAwLCJkZWxldGUiOjEyMDAwMDAwMDAwMDAsInVwZGF0ZSI6MTIwMDAwMDAwMDAwMH0sInNjaGVtYV92ZXJzaW9uIjoiMSJ9",
          "dependencies": [
            "aws_ecs_cluster.prod",
            "aws_ecs_cluster.qa",
            "aws_ecs_cluster.uat",
            "aws_ecs_task_definition.db",
            "aws_iam_role.ecs_execution_role",
            "aws_security_group.ecs",
            "aws_service_discovery_http_namespace.app1_prod",
            "aws_service_discovery_http_namespace.app1_qa",
            "aws_service_discovery_http_namespace.app1_uat",
            "data.aws_subnets.main",
            "data.aws_vpc.main"
          ]
        },
        {
          "index_key": "uat",
          "schema_version": 1,
          "attributes": {
            "alarms": [],
            "arn": "arn:aws:ecs:us-east-1:552940445807:service/jenkins-ecs-deployment-uat-cluster/jenkins-ecs-deployment-uat-db-service",
            "availability_zone_rebalancing": "ENABLED",
            "capacity_provider_strategy": [],
            "cluster": "arn:aws:ecs:us-east-1:552940445807:cluster/jenkins-ecs-deployment-uat-cluster",
            "deployment_circuit_breaker": [
              {
                "enable": false,
                "rollback": false
              }
            ],
            "deployment_configuration": [
              {
                "bake_time_in_minutes": "0",
                "canary_configuration": [],
                "lifecycle_hook": [],
                "linear_configuration": [],
                "strategy": "ROLLING"
              }
            ],
            "deployment_controller": [
              {
                "type": "ECS"
              }
            ],
            "deployment_maximum_percent": 200,
            "deployment_minimum_healthy_percent": 100,
            "desired_count": 1,
            "enable_ecs_managed_tags": false,
            "enable_execute_command": false,
            "force_delete": null,
            "force_new_deployment": null,
            "health_check_grace_period_seconds": 0,
            "iam_role": "/aws-service-role/ecs.amazonaws.com/AWSServiceRoleForECS",
            "id": "arn:aws:ecs:us-east-1:552940445807:service/jenkins-ecs-deployment-uat-cluster/jenkins-ecs-deployment-uat-db-service",
            "launch_type": "FARGATE",
            "load_balancer": [],
            "name": "jenkins-ecs-deployment-uat-db-service",
            "network_configuration": [
              {
                "assign_public_ip": true,
                "security_groups": [
                  "sg-04dd037b58929e473"
                ],
                "subnets": [
                  "subnet-0034bda580633f970",
                  "subnet-0642a3fa899c6b146",
                  "subnet-08a15b0fc26f78b95",
                  "subnet-0ab9f1adb21d08d4a",
                  "subnet-0b0af126460583eba",
                  "subnet-0dd5d6a1cc7844d56"
                ]
              }
            ],
            "ordered_placement_strategy": [],
            "placement_constraints": [],
            "platform_version": "LATEST",
            "propagate_tags": "NONE",
            "region": "us-east-1",
            "scheduling_strategy": "REPLICA",
            "service_connect_configuration": [
              {
                "access_log_configuration": [],
                "enabled": true,
                "log_configuration": [],
                "namespace": "arn:aws:servicediscovery:us-east-1:552940445807:namespace/ns-kb44jyo2gcgmvn5g",
                "service": [
                  {
                    "client_alias": [
                      {
                        "dns_name": "app1-db.app1-uat",
                        "port": 3306,
                        "test_traffic_rules": []
                      }
                    ],
                    "discovery_name": "app1-db",
                    "ingress_port_override": 0,
                    "port_name": "mysql",
                    "timeout": [],
                    "tls": []
                  }
                ]
              }
            ],
            "service_registries": [],
            "sigint_rollback": null,
            "tags": {},
            "tags_all": {},
            "task_definition": "arn:aws:ecs:us-east-1:552940445807:task-definition/jenkins-ecs-deployment-uat-db:2",
            "timeouts": null,
            "triggers": {},
            "volume_configuration": [],
            "vpc_lattice_configurations": [],
            "wait_for_steady_state": false
          },
          "sensitive_attributes": [],
          "identity_schema_version": 0,
          "identity": {
            "account_id": "552940445807",
            "cluster": "arn:aws:ecs:us-east-1:552940445807:cluster/jenkins-ecs-deployment-uat-cluster",
            "name": "jenkins-ecs-deployment-uat-db-service",
            "region": "us-east-1"
          },
          "private": "eyJlMmJmYjczMC1lY2FhLTExZTYtOGY4OC0zNDM2M2JjN2M0YzAiOnsiY3JlYXRlIjoxMjAwMDAwMDAwMDAwLCJkZWxldGUiOjEyMDAwMDAwMDAwMDAsInVwZGF0ZSI6MTIwMDAwMDAwMDAwMH0sInNjaGVtYV92ZXJzaW9uIjoiMSJ9",
          "dependencies": [
            "aws_ecs_cluster.prod",
            "aws_ecs_cluster.qa",
            "aws_ecs_cluster.uat",
            "aws_ecs_task_definition.db",
            "aws_iam_role.ecs_execution_role",
            "aws_security_group.ecs",
            "aws_service_discovery_http_namespace.app1_prod",
            "aws_service_discovery_http_namespace.app1_qa",
            "aws_service_discovery_http_namespace.app1_uat",
            "data.aws_subnets.main",
            "data.aws_vpc.main"
          ]
        }
      ]
    },
    {
      "mode": "managed",
      "type": "aws_ecs_service",
      "name": "dev_backend",
      "provider": "provider[\"registry.terraform.io/hashicorp/aws\"]",
      "instances": [
        {
          "schema_version": 1,
          "attributes": {
            "alarms": [],
            "arn": "arn:aws:ecs:us-east-1:552940445807:service/jenkins-ecs-deployment-dev-cluster/jenkins-ecs-deployment-dev-backend-service",
            "availability_zone_rebalancing": "ENABLED",
            "capacity_provider_strategy": [],
            "cluster": "arn:aws:ecs:us-east-1:552940445807:cluster/jenkins-ecs-deployment-dev-cluster",
            "deployment_circuit_breaker": [
              {
                "enable": false,
                "rollback": false
              }
            ],
            "deployment_configuration": [
              {
                "bake_time_in_minutes": "0",
                "canary_configuration": [],
                "lifecycle_hook": [],
                "linear_configuration": [],
                "strategy": "ROLLING"
              }
            ],
            "deployment_controller": [
              {
                "type": "ECS"
              }
            ],
            "deployment_maximum_percent": 200,
            "deployment_minimum_healthy_percent": 100,
            "desired_count": 1,
            "enable_ecs_managed_tags": false,
            "enable_execute_command": false,
            "force_delete": null,
            "force_new_deployment": null,
            "health_check_grace_period_seconds": 0,
            "iam_role": "/aws-service-role/ecs.amazonaws.com/AWSServiceRoleForECS",
            "id": "arn:aws:ecs:us-east-1:552940445807:service/jenkins-ecs-deployment-dev-cluster/jenkins-ecs-deployment-dev-backend-service",
            "launch_type": "FARGATE",
            "load_balancer": [],
            "name": "jenkins-ecs-deployment-dev-backend-service",
            "network_configuration": [
              {
                "assign_public_ip": true,
                "security_groups": [
                  "sg-04dd037b58929e473"
                ],
                "subnets": [
                  "subnet-0034bda580633f970",
                  "subnet-0642a3fa899c6b146",
                  "subnet-08a15b0fc26f78b95",
                  "subnet-0ab9f1adb21d08d4a",
                  "subnet-0b0af126460583eba",
                  "subnet-0dd5d6a1cc7844d56"
                ]
              }
            ],
            "ordered_placement_strategy": [],
            "placement_constraints": [],
            "platform_version": "LATEST",
            "propagate_tags": "NONE",
            "region": "us-east-1",
            "scheduling_strategy": "REPLICA",
            "service_connect_configuration": [
              {
                "access_log_configuration": [],
                "enabled": true,
                "log_configuration": [],
                "namespace": "arn:aws:servicediscovery:us-east-1:552940445807:namespace/ns-jerrpqcwb7hw2p2l",
                "service": [
                  {
                    "client_alias": [
                      {
                        "dns_name": "app1-backend.app1-dev",
                        "port": 8000,
                        "test_traffic_rules": []
                      }
                    ],
                    "discovery_name": "app1-backend",
                    "ingress_port_override": 0,
                    "port_name": "backend",
                    "timeout": [],
                    "tls": []
                  }
                ]
              }
            ],
            "service_registries": [],
            "sigint_rollback": null,
            "tags": {},
            "tags_all": {},
            "task_definition": "arn:aws:ecs:us-east-1:552940445807:task-definition/jenkins-ecs-deployment-dev-backend:3",
            "timeouts": null,
            "triggers": {},
            "volume_configuration": [],
            "vpc_lattice_configurations": [],
            "wait_for_steady_state": false
          },
          "sensitive_attributes": [],
          "identity_schema_version": 0,
          "identity": {
            "account_id": "552940445807",
            "cluster": "arn:aws:ecs:us-east-1:552940445807:cluster/jenkins-ecs-deployment-dev-cluster",
            "name": "jenkins-ecs-deployment-dev-backend-service",
            "region": "us-east-1"
          },
          "private": "eyJlMmJmYjczMC1lY2FhLTExZTYtOGY4OC0zNDM2M2JjN2M0YzAiOnsiY3JlYXRlIjoxMjAwMDAwMDAwMDAwLCJkZWxldGUiOjEyMDAwMDAwMDAwMDAsInVwZGF0ZSI6MTIwMDAwMDAwMDAwMH0sInNjaGVtYV92ZXJzaW9uIjoiMSJ9",
          "dependencies": [
            "aws_ecs_cluster.dev",
            "aws_ecs_task_definition.dev_backend",
            "aws_iam_role.ecs_execution_role",
            "aws_security_group.ecs",
            "aws_service_discovery_http_namespace.app1_dev",
            "data.aws_secretsmanager_secret.db_password",
            "data.aws_subnets.main",
            "data.aws_vpc.main"
          ]
        }
      ]
    },
    {
      "mode": "managed",
      "type": "aws_ecs_service",
      "name": "dev_db",
      "provider": "provider[\"registry.terraform.io/hashicorp/aws\"]",
      "instances": [
        {
          "schema_version": 1,
          "attributes": {
            "alarms": [],
            "arn": "arn:aws:ecs:us-east-1:552940445807:service/jenkins-ecs-deployment-dev-cluster/jenkins-ecs-deployment-dev-db-service",
            "availability_zone_rebalancing": "ENABLED",
            "capacity_provider_strategy": [],
            "cluster": "arn:aws:ecs:us-east-1:552940445807:cluster/jenkins-ecs-deployment-dev-cluster",
            "deployment_circuit_breaker": [
              {
                "enable": false,
                "rollback": false
              }
            ],
            "deployment_configuration": [
              {
                "bake_time_in_minutes": "0",
                "canary_configuration": [],
                "lifecycle_hook": [],
                "linear_configuration": [],
                "strategy": "ROLLING"
              }
            ],
            "deployment_controller": [
              {
                "type": "ECS"
              }
            ],
            "deployment_maximum_percent": 200,
            "deployment_minimum_healthy_percent": 100,
            "desired_count": 1,
            "enable_ecs_managed_tags": false,
            "enable_execute_command": false,
            "force_delete": null,
            "force_new_deployment": null,
            "health_check_grace_period_seconds": 0,
            "iam_role": "/aws-service-role/ecs.amazonaws.com/AWSServiceRoleForECS",
            "id": "arn:aws:ecs:us-east-1:552940445807:service/jenkins-ecs-deployment-dev-cluster/jenkins-ecs-deployment-dev-db-service",
            "launch_type": "FARGATE",
            "load_balancer": [],
            "name": "jenkins-ecs-deployment-dev-db-service",
            "network_configuration": [
              {
                "assign_public_ip": true,
                "security_groups": [
                  "sg-04dd037b58929e473"
                ],
                "subnets": [
                  "subnet-0034bda580633f970",
                  "subnet-0642a3fa899c6b146",
                  "subnet-08a15b0fc26f78b95",
                  "subnet-0ab9f1adb21d08d4a",
                  "subnet-0b0af126460583eba",
                  "subnet-0dd5d6a1cc7844d56"
                ]
              }
            ],
            "ordered_placement_strategy": [],
            "placement_constraints": [],
            "platform_version": "LATEST",
            "propagate_tags": "NONE",
            "region": "us-east-1",
            "scheduling_strategy": "REPLICA",
            "service_connect_configuration": [
              {
                "access_log_configuration": [],
                "enabled": true,
                "log_configuration": [],
                "namespace": "arn:aws:servicediscovery:us-east-1:552940445807:namespace/ns-jerrpqcwb7hw2p2l",
                "service": [
                  {
                    "client_alias": [
                      {
                        "dns_name": "app1-db.app1-dev",
                        "port": 3306,
                        "test_traffic_rules": []
                      }
                    ],
                    "discovery_name": "app1-db",
                    "ingress_port_override": 0,
                    "port_name": "mysql",
                    "timeout": [],
                    "tls": []
                  }
                ]
              }
            ],
            "service_registries": [],
            "sigint_rollback": null,
            "tags": {},
            "tags_all": {},
            "task_definition": "arn:aws:ecs:us-east-1:552940445807:task-definition/jenkins-ecs-deployment-dev-db:2",
            "timeouts": null,
            "triggers": {},
            "volume_configuration": [],
            "vpc_lattice_configurations": [],
            "wait_for_steady_state": false
          },
          "sensitive_attributes": [],
          "identity_schema_version": 0,
          "identity": {
            "account_id": "552940445807",
            "cluster": "arn:aws:ecs:us-east-1:552940445807:cluster/jenkins-ecs-deployment-dev-cluster",
            "name": "jenkins-ecs-deployment-dev-db-service",
            "region": "us-east-1"
          },
          "private": "eyJlMmJmYjczMC1lY2FhLTExZTYtOGY4OC0zNDM2M2JjN2M0YzAiOnsiY3JlYXRlIjoxMjAwMDAwMDAwMDAwLCJkZWxldGUiOjEyMDAwMDAwMDAwMDAsInVwZGF0ZSI6MTIwMDAwMDAwMDAwMH0sInNjaGVtYV92ZXJzaW9uIjoiMSJ9",
          "dependencies": [
            "aws_ecs_cluster.dev",
            "aws_ecs_task_definition.dev_db",
            "aws_iam_role.ecs_execution_role",
            "aws_security_group.ecs",
            "aws_service_discovery_http_namespace.app1_dev",
            "data.aws_secretsmanager_secret.db_password",
            "data.aws_subnets.main",
            "data.aws_vpc.main"
          ]
        }
      ]
    },
    {
      "mode": "managed",
      "type": "aws_ecs_service",
      "name": "dev_frontend",
      "provider": "provider[\"registry.terraform.io/hashicorp/aws\"]",
      "instances": [
        {
          "schema_version": 1,
          "attributes": {
            "alarms": [],
            "arn": "arn:aws:ecs:us-east-1:552940445807:service/jenkins-ecs-deployment-dev-cluster/jenkins-ecs-deployment-dev-frontend-service",
            "availability_zone_rebalancing": "ENABLED",
            "capacity_provider_strategy": [],
            "cluster": "arn:aws:ecs:us-east-1:552940445807:cluster/jenkins-ecs-deployment-dev-cluster",
            "deployment_circuit_breaker": [
              {
                "enable": false,
                "rollback": false
              }
            ],
            "deployment_configuration": [
              {
                "bake_time_in_minutes": "0",
                "canary_configuration": [],
                "lifecycle_hook": [],
                "linear_configuration": [],
                "strategy": "ROLLING"
              }
            ],
            "deployment_controller": [
              {
                "type": "ECS"
              }
            ],
            "deployment_maximum_percent": 200,
            "deployment_minimum_healthy_percent": 100,
            "desired_count": 1,
            "enable_ecs_managed_tags": false,
            "enable_execute_command": false,
            "force_delete": null,
            "force_new_deployment": null,
            "health_check_grace_period_seconds": 0,
            "iam_role": "/aws-service-role/ecs.amazonaws.com/AWSServiceRoleForECS",
            "id": "arn:aws:ecs:us-east-1:552940445807:service/jenkins-ecs-deployment-dev-cluster/jenkins-ecs-deployment-dev-frontend-service",
            "launch_type": "FARGATE",
            "load_balancer": [],
            "name": "jenkins-ecs-deployment-dev-frontend-service",
            "network_configuration": [
              {
                "assign_public_ip": true,
                "security_groups": [
                  "sg-04dd037b58929e473"
                ],
                "subnets": [
                  "subnet-0034bda580633f970",
                  "subnet-0642a3fa899c6b146",
                  "subnet-08a15b0fc26f78b95",
                  "subnet-0ab9f1adb21d08d4a",
                  "subnet-0b0af126460583eba",
                  "subnet-0dd5d6a1cc7844d56"
                ]
              }
            ],
            "ordered_placement_strategy": [],
            "placement_constraints": [],
            "platform_version": "LATEST",
            "propagate_tags": "NONE",
            "region": "us-east-1",
            "scheduling_strategy": "REPLICA",
            "service_connect_configuration": [
              {
                "access_log_configuration": [],
                "enabled": true,
                "log_configuration": [],
                "namespace": "arn:aws:servicediscovery:us-east-1:552940445807:namespace/ns-jerrpqcwb7hw2p2l",
                "service": []
              }
            ],
            "service_registries": [],
            "sigint_rollback": null,
            "tags": {},
            "tags_all": {},
            "task_definition": "arn:aws:ecs:us-east-1:552940445807:task-definition/jenkins-ecs-deployment-dev-frontend:1",
            "timeouts": null,
            "triggers": {},
            "volume_configuration": [],
            "vpc_lattice_configurations": [],
            "wait_for_steady_state": false
          },
          "sensitive_attributes": [],
          "identity_schema_version": 0,
          "identity": {
            "account_id": "552940445807",
            "cluster": "arn:aws:ecs:us-east-1:552940445807:cluster/jenkins-ecs-deployment-dev-cluster",
            "name": "jenkins-ecs-deployment-dev-frontend-service",
            "region": "us-east-1"
          },
          "private": "eyJlMmJmYjczMC1lY2FhLTExZTYtOGY4OC0zNDM2M2JjN2M0YzAiOnsiY3JlYXRlIjoxMjAwMDAwMDAwMDAwLCJkZWxldGUiOjEyMDAwMDAwMDAwMDAsInVwZGF0ZSI6MTIwMDAwMDAwMDAwMH0sInNjaGVtYV92ZXJzaW9uIjoiMSJ9",
          "dependencies": [
            "aws_ecs_cluster.dev",
            "aws_ecs_task_definition.dev_backend",
            "aws_ecs_task_definition.dev_frontend",
            "aws_iam_role.ecs_execution_role",
            "aws_security_group.ecs",
            "aws_service_discovery_http_namespace.app1_dev",
            "data.aws_secretsmanager_secret.db_password",
            "data.aws_subnets.main",
            "data.aws_vpc.main"
          ]
        }
      ]
    },
    {
      "mode": "managed",
      "type": "aws_ecs_service",
      "name": "frontend",
      "provider": "provider[\"registry.terraform.io/hashicorp/aws\"]",
      "instances": [
        {
          "index_key": "prod",
          "schema_version": 1,
          "attributes": {
            "alarms": [],
            "arn": "arn:aws:ecs:us-east-1:552940445807:service/jenkins-ecs-deployment-prod-cluster/jenkins-ecs-deployment-prod-frontend-service",
            "availability_zone_rebalancing": "ENABLED",
            "capacity_provider_strategy": [],
            "cluster": "arn:aws:ecs:us-east-1:552940445807:cluster/jenkins-ecs-deployment-prod-cluster",
            "deployment_circuit_breaker": [
              {
                "enable": false,
                "rollback": false
              }
            ],
            "deployment_configuration": [
              {
                "bake_time_in_minutes": "0",
                "canary_configuration": [],
                "lifecycle_hook": [],
                "linear_configuration": [],
                "strategy": "ROLLING"
              }
            ],
            "deployment_controller": [
              {
                "type": "ECS"
              }
            ],
            "deployment_maximum_percent": 200,
            "deployment_minimum_healthy_percent": 100,
            "desired_count": 1,
            "enable_ecs_managed_tags": false,
            "enable_execute_command": false,
            "force_delete": null,
            "force_new_deployment": null,
            "health_check_grace_period_seconds": 0,
            "iam_role": "/aws-service-role/ecs.amazonaws.com/AWSServiceRoleForECS",
            "id": "arn:aws:ecs:us-east-1:552940445807:service/jenkins-ecs-deployment-prod-cluster/jenkins-ecs-deployment-prod-frontend-service",
            "launch_type": "FARGATE",
            "load_balancer": [],
            "name": "jenkins-ecs-deployment-prod-frontend-service",
            "network_configuration": [
              {
                "assign_public_ip": true,
                "security_groups": [
                  "sg-04dd037b58929e473"
                ],
                "subnets": [
                  "subnet-0034bda580633f970",
                  "subnet-0642a3fa899c6b146",
                  "subnet-08a15b0fc26f78b95",
                  "subnet-0ab9f1adb21d08d4a",
                  "subnet-0b0af126460583eba",
                  "subnet-0dd5d6a1cc7844d56"
                ]
              }
            ],
            "ordered_placement_strategy": [],
            "placement_constraints": [],
            "platform_version": "LATEST",
            "propagate_tags": "NONE",
            "region": "us-east-1",
            "scheduling_strategy": "REPLICA",
            "service_connect_configuration": [],
            "service_registries": [],
            "sigint_rollback": null,
            "tags": {},
            "tags_all": {},
            "task_definition": "arn:aws:ecs:us-east-1:552940445807:task-definition/jenkins-ecs-deployment-prod-frontend:1",
            "timeouts": null,
            "triggers": {},
            "volume_configuration": [],
            "vpc_lattice_configurations": [],
            "wait_for_steady_state": false
          },
          "sensitive_attributes": [],
          "identity_schema_version": 0,
          "identity": {
            "account_id": "552940445807",
            "cluster": "arn:aws:ecs:us-east-1:552940445807:cluster/jenkins-ecs-deployment-prod-cluster",
            "name": "jenkins-ecs-deployment-prod-frontend-service",
            "region": "us-east-1"
          },
          "private": "eyJlMmJmYjczMC1lY2FhLTExZTYtOGY4OC0zNDM2M2JjN2M0YzAiOnsiY3JlYXRlIjoxMjAwMDAwMDAwMDAwLCJkZWxldGUiOjEyMDAwMDAwMDAwMDAsInVwZGF0ZSI6MTIwMDAwMDAwMDAwMH0sInNjaGVtYV92ZXJzaW9uIjoiMSJ9",
          "dependencies": [
            "aws_ecs_cluster.prod",
            "aws_ecs_cluster.qa",
            "aws_ecs_cluster.uat",
            "aws_ecs_task_definition.frontend",
            "aws_iam_role.ecs_execution_role",
            "aws_security_group.ecs",
            "aws_service_discovery_http_namespace.app1_prod",
            "aws_service_discovery_http_namespace.app1_qa",
            "aws_service_discovery_http_namespace.app1_uat",
            "data.aws_subnets.main",
            "data.aws_vpc.main"
          ]
        },
        {
          "index_key": "qa",
          "schema_version": 1,
          "attributes": {
            "alarms": [],
            "arn": "arn:aws:ecs:us-east-1:552940445807:service/jenkins-ecs-deployment-qa-cluster/jenkins-ecs-deployment-qa-frontend-service",
            "availability_zone_rebalancing": "ENABLED",
            "capacity_provider_strategy": [],
            "cluster": "arn:aws:ecs:us-east-1:552940445807:cluster/jenkins-ecs-deployment-qa-cluster",
            "deployment_circuit_breaker": [
              {
                "enable": false,
                "rollback": false
              }
            ],
            "deployment_configuration": [
              {
                "bake_time_in_minutes": "0",
                "canary_configuration": [],
                "lifecycle_hook": [],
                "linear_configuration": [],
                "strategy": "ROLLING"
              }
            ],
            "deployment_controller": [
              {
                "type": "ECS"
              }
            ],
            "deployment_maximum_percent": 200,
            "deployment_minimum_healthy_percent": 100,
            "desired_count": 1,
            "enable_ecs_managed_tags": false,
            "enable_execute_command": false,
            "force_delete": null,
            "force_new_deployment": null,
            "health_check_grace_period_seconds": 0,
            "iam_role": "/aws-service-role/ecs.amazonaws.com/AWSServiceRoleForECS",
            "id": "arn:aws:ecs:us-east-1:552940445807:service/jenkins-ecs-deployment-qa-cluster/jenkins-ecs-deployment-qa-frontend-service",
            "launch_type": "FARGATE",
            "load_balancer": [],
            "name": "jenkins-ecs-deployment-qa-frontend-service",
            "network_configuration": [
              {
                "assign_public_ip": true,
                "security_groups": [
                  "sg-04dd037b58929e473"
                ],
                "subnets": [
                  "subnet-0034bda580633f970",
                  "subnet-0642a3fa899c6b146",
                  "subnet-08a15b0fc26f78b95",
                  "subnet-0ab9f1adb21d08d4a",
                  "subnet-0b0af126460583eba",
                  "subnet-0dd5d6a1cc7844d56"
                ]
              }
            ],
            "ordered_placement_strategy": [],
            "placement_constraints": [],
            "platform_version": "LATEST",
            "propagate_tags": "NONE",
            "region": "us-east-1",
            "scheduling_strategy": "REPLICA",
            "service_connect_configuration": [],
            "service_registries": [],
            "sigint_rollback": null,
            "tags": {},
            "tags_all": {},
            "task_definition": "arn:aws:ecs:us-east-1:552940445807:task-definition/jenkins-ecs-deployment-qa-frontend:1",
            "timeouts": null,
            "triggers": {},
            "volume_configuration": [],
            "vpc_lattice_configurations": [],
            "wait_for_steady_state": false
          },
          "sensitive_attributes": [],
          "identity_schema_version": 0,
          "identity": {
            "account_id": "552940445807",
            "cluster": "arn:aws:ecs:us-east-1:552940445807:cluster/jenkins-ecs-deployment-qa-cluster",
            "name": "jenkins-ecs-deployment-qa-frontend-service",
            "region": "us-east-1"
          },
          "private": "eyJlMmJmYjczMC1lY2FhLTExZTYtOGY4OC0zNDM2M2JjN2M0YzAiOnsiY3JlYXRlIjoxMjAwMDAwMDAwMDAwLCJkZWxldGUiOjEyMDAwMDAwMDAwMDAsInVwZGF0ZSI6MTIwMDAwMDAwMDAwMH0sInNjaGVtYV92ZXJzaW9uIjoiMSJ9",
          "dependencies": [
            "aws_ecs_cluster.prod",
            "aws_ecs_cluster.qa",
            "aws_ecs_cluster.uat",
            "aws_ecs_task_definition.frontend",
            "aws_iam_role.ecs_execution_role",
            "aws_security_group.ecs",
            "aws_service_discovery_http_namespace.app1_prod",
            "aws_service_discovery_http_namespace.app1_qa",
            "aws_service_discovery_http_namespace.app1_uat",
            "data.aws_subnets.main",
            "data.aws_vpc.main"
          ]
        },
        {
          "index_key": "uat",
          "schema_version": 1,
          "attributes": {
            "alarms": [],
            "arn": "arn:aws:ecs:us-east-1:552940445807:service/jenkins-ecs-deployment-uat-cluster/jenkins-ecs-deployment-uat-frontend-service",
            "availability_zone_rebalancing": "ENABLED",
            "capacity_provider_strategy": [],
            "cluster": "arn:aws:ecs:us-east-1:552940445807:cluster/jenkins-ecs-deployment-uat-cluster",
            "deployment_circuit_breaker": [
              {
                "enable": false,
                "rollback": false
              }
            ],
            "deployment_configuration": [
              {
                "bake_time_in_minutes": "0",
                "canary_configuration": [],
                "lifecycle_hook": [],
                "linear_configuration": [],
                "strategy": "ROLLING"
              }
            ],
            "deployment_controller": [
              {
                "type": "ECS"
              }
            ],
            "deployment_maximum_percent": 200,
            "deployment_minimum_healthy_percent": 100,
            "desired_count": 1,
            "enable_ecs_managed_tags": false,
            "enable_execute_command": false,
            "force_delete": null,
            "force_new_deployment": null,
            "health_check_grace_period_seconds": 0,
            "iam_role": "/aws-service-role/ecs.amazonaws.com/AWSServiceRoleForECS",
            "id": "arn:aws:ecs:us-east-1:552940445807:service/jenkins-ecs-deployment-uat-cluster/jenkins-ecs-deployment-uat-frontend-service",
            "launch_type": "FARGATE",
            "load_balancer": [],
            "name": "jenkins-ecs-deployment-uat-frontend-service",
            "network_configuration": [
              {
                "assign_public_ip": true,
                "security_groups": [
                  "sg-04dd037b58929e473"
                ],
                "subnets": [
                  "subnet-0034bda580633f970",
                  "subnet-0642a3fa899c6b146",
                  "subnet-08a15b0fc26f78b95",
                  "subnet-0ab9f1adb21d08d4a",
                  "subnet-0b0af126460583eba",
                  "subnet-0dd5d6a1cc7844d56"
                ]
              }
            ],
            "ordered_placement_strategy": [],
            "placement_constraints": [],
            "platform_version": "LATEST",
            "propagate_tags": "NONE",
            "region": "us-east-1",
            "scheduling_strategy": "REPLICA",
            "service_connect_configuration": [],
            "service_registries": [],
            "sigint_rollback": null,
            "tags": {},
            "tags_all": {},
            "task_definition": "arn:aws:ecs:us-east-1:552940445807:task-definition/jenkins-ecs-deployment-uat-frontend:1",
            "timeouts": null,
            "triggers": {},
            "volume_configuration": [],
            "vpc_lattice_configurations": [],
            "wait_for_steady_state": false
          },
          "sensitive_attributes": [],
          "identity_schema_version": 0,
          "identity": {
            "account_id": "552940445807",
            "cluster": "arn:aws:ecs:us-east-1:552940445807:cluster/jenkins-ecs-deployment-uat-cluster",
            "name": "jenkins-ecs-deployment-uat-frontend-service",
            "region": "us-east-1"
          },
          "private": "eyJlMmJmYjczMC1lY2FhLTExZTYtOGY4OC0zNDM2M2JjN2M0YzAiOnsiY3JlYXRlIjoxMjAwMDAwMDAwMDAwLCJkZWxldGUiOjEyMDAwMDAwMDAwMDAsInVwZGF0ZSI6MTIwMDAwMDAwMDAwMH0sInNjaGVtYV92ZXJzaW9uIjoiMSJ9",
          "dependencies": [
            "aws_ecs_cluster.prod",
            "aws_ecs_cluster.qa",
            "aws_ecs_cluster.uat",
            "aws_ecs_task_definition.frontend",
            "aws_iam_role.ecs_execution_role",
            "aws_security_group.ecs",
            "aws_service_discovery_http_namespace.app1_prod",
            "aws_service_discovery_http_namespace.app1_qa",
            "aws_service_discovery_http_namespace.app1_uat",
            "data.aws_subnets.main",
            "data.aws_vpc.main"
          ]
        }
      ]
    },
    {
      "mode": "managed",
      "type": "aws_ecs_task_definition",
      "name": "backend",
      "provider": "provider[\"registry.terraform.io/hashicorp/aws\"]",
      "instances": [
        {
          "index_key": "prod",
          "schema_version": 1,
          "attributes": {
            "arn": "arn:aws:ecs:us-east-1:552940445807:task-definition/jenkins-ecs-deployment-prod-backend:2",
            "arn_without_revision": "arn:aws:ecs:us-east-1:552940445807:task-definition/jenkins-ecs-deployment-prod-backend",
            "container_definitions": "[{\"environment\":[],\"essential\":true,\"image\":\"python:3.10-alpine\",\"mountPoints\":[],\"name\":\"backend\",\"portMappings\":[{\"containerPort\":8000,\"hostPort\":8000,\"name\":\"backend\",\"protocol\":\"tcp\"}],\"systemControls\":[],\"volumesFrom\":[]}]",
            "cpu": "256",
            "enable_fault_injection": false,
            "ephemeral_storage": [],
            "execution_role_arn": "arn:aws:iam::552940445807:role/jenkins-ecs-deployment-ecs-execution-role",
            "family": "jenkins-ecs-deployment-prod-backend",
            "id": "jenkins-ecs-deployment-prod-backend",
            "ipc_mode": "",
            "memory": "512",
            "network_mode": "awsvpc",
            "pid_mode": "",
            "placement_constraints": [],
            "proxy_configuration": [],
            "region": "us-east-1",
            "requires_compatibilities": [
              "FARGATE"
            ],
            "revision": 2,
            "runtime_platform": [],
            "skip_destroy": false,
            "tags": {},
            "tags_all": {},
            "task_role_arn": "",
            "track_latest": false,
            "volume": []
          },
          "sensitive_attributes": [],
          "identity_schema_version": 0,
          "identity": {
            "account_id": "552940445807",
            "family": "jenkins-ecs-deployment-prod-backend",
            "region": "us-east-1",
            "revision": 2
          },
          "private": "eyJzY2hlbWFfdmVyc2lvbiI6IjEifQ==",
          "dependencies": [
            "aws_ecs_cluster.prod",
            "aws_ecs_cluster.qa",
            "aws_ecs_cluster.uat",
            "aws_iam_role.ecs_execution_role"
          ]
        },
        {
          "index_key": "qa",
          "schema_version": 1,
          "attributes": {
            "arn": "arn:aws:ecs:us-east-1:552940445807:task-definition/jenkins-ecs-deployment-qa-backend:2",
            "arn_without_revision": "arn:aws:ecs:us-east-1:552940445807:task-definition/jenkins-ecs-deployment-qa-backend",
            "container_definitions": "[{\"environment\":[],\"essential\":true,\"image\":\"python:3.10-alpine\",\"mountPoints\":[],\"name\":\"backend\",\"portMappings\":[{\"containerPort\":8000,\"hostPort\":8000,\"name\":\"backend\",\"protocol\":\"tcp\"}],\"systemControls\":[],\"volumesFrom\":[]}]",
            "cpu": "256",
            "enable_fault_injection": false,
            "ephemeral_storage": [],
            "execution_role_arn": "arn:aws:iam::552940445807:role/jenkins-ecs-deployment-ecs-execution-role",
            "family": "jenkins-ecs-deployment-qa-backend",
            "id": "jenkins-ecs-deployment-qa-backend",
            "ipc_mode": "",
            "memory": "512",
            "network_mode": "awsvpc",
            "pid_mode": "",
            "placement_constraints": [],
            "proxy_configuration": [],
            "region": "us-east-1",
            "requires_compatibilities": [
              "FARGATE"
            ],
            "revision": 2,
            "runtime_platform": [],
            "skip_destroy": false,
            "tags": {},
            "tags_all": {},
            "task_role_arn": "",
            "track_latest": false,
            "volume": []
          },
          "sensitive_attributes": [],
          "identity_schema_version": 0,
          "identity": {
            "account_id": "552940445807",
            "family": "jenkins-ecs-deployment-qa-backend",
            "region": "us-east-1",
            "revision": 2
          },
          "private": "eyJzY2hlbWFfdmVyc2lvbiI6IjEifQ==",
          "dependencies": [
            "aws_ecs_cluster.prod",
            "aws_ecs_cluster.qa",
            "aws_ecs_cluster.uat",
            "aws_iam_role.ecs_execution_role"
          ]
        },
        {
          "index_key": "uat",
          "schema_version": 1,
          "attributes": {
            "arn": "arn:aws:ecs:us-east-1:552940445807:task-definition/jenkins-ecs-deployment-uat-backend:2",
            "arn_without_revision": "arn:aws:ecs:us-east-1:552940445807:task-definition/jenkins-ecs-deployment-uat-backend",
            "container_definitions": "[{\"environment\":[],\"essential\":true,\"image\":\"python:3.10-alpine\",\"mountPoints\":[],\"name\":\"backend\",\"portMappings\":[{\"containerPort\":8000,\"hostPort\":8000,\"name\":\"backend\",\"protocol\":\"tcp\"}],\"systemControls\":[],\"volumesFrom\":[]}]",
            "cpu": "256",
            "enable_fault_injection": false,
            "ephemeral_storage": [],
            "execution_role_arn": "arn:aws:iam::552940445807:role/jenkins-ecs-deployment-ecs-execution-role",
            "family": "jenkins-ecs-deployment-uat-backend",
            "id": "jenkins-ecs-deployment-uat-backend",
            "ipc_mode": "",
            "memory": "512",
            "network_mode": "awsvpc",
            "pid_mode": "",
            "placement_constraints": [],
            "proxy_configuration": [],
            "region": "us-east-1",
            "requires_compatibilities": [
              "FARGATE"
            ],
            "revision": 2,
            "runtime_platform": [],
            "skip_destroy": false,
            "tags": {},
            "tags_all": {},
            "task_role_arn": "",
            "track_latest": false,
            "volume": []
          },
          "sensitive_attributes": [],
          "identity_schema_version": 0,
          "identity": {
            "account_id": "552940445807",
            "family": "jenkins-ecs-deployment-uat-backend",
            "region": "us-east-1",
            "revision": 2
          },
          "private": "eyJzY2hlbWFfdmVyc2lvbiI6IjEifQ==",
          "dependencies": [
            "aws_ecs_cluster.prod",
            "aws_ecs_cluster.qa",
            "aws_ecs_cluster.uat",
            "aws_iam_role.ecs_execution_role"
          ]
        }
      ]
    },
    {
      "mode": "managed",
      "type": "aws_ecs_task_definition",
      "name": "db",
      "provider": "provider[\"registry.terraform.io/hashicorp/aws\"]",
      "instances": [
        {
          "index_key": "prod",
          "schema_version": 1,
          "attributes": {
            "arn": "arn:aws:ecs:us-east-1:552940445807:task-definition/jenkins-ecs-deployment-prod-db:2",
            "arn_without_revision": "arn:aws:ecs:us-east-1:552940445807:task-definition/jenkins-ecs-deployment-prod-db",
            "container_definitions": "[{\"environment\":[{\"name\":\"MYSQL_DATABASE\",\"value\":\"example\"},{\"name\":\"MYSQL_ROOT_PASSWORD\",\"value\":\"rootpassword\"}],\"essential\":true,\"image\":\"mariadb:10-focal\",\"mountPoints\":[],\"name\":\"db\",\"portMappings\":[{\"containerPort\":3306,\"hostPort\":3306,\"name\":\"mysql\",\"protocol\":\"tcp\"}],\"systemControls\":[],\"volumesFrom\":[]}]",
            "cpu": "256",
            "enable_fault_injection": false,
            "ephemeral_storage": [],
            "execution_role_arn": "arn:aws:iam::552940445807:role/jenkins-ecs-deployment-ecs-execution-role",
            "family": "jenkins-ecs-deployment-prod-db",
            "id": "jenkins-ecs-deployment-prod-db",
            "ipc_mode": "",
            "memory": "512",
            "network_mode": "awsvpc",
            "pid_mode": "",
            "placement_constraints": [],
            "proxy_configuration": [],
            "region": "us-east-1",
            "requires_compatibilities": [
              "FARGATE"
            ],
            "revision": 2,
            "runtime_platform": [],
            "skip_destroy": false,
            "tags": {},
            "tags_all": {},
            "task_role_arn": "",
            "track_latest": false,
            "volume": []
          },
          "sensitive_attributes": [],
          "identity_schema_version": 0,
          "identity": {
            "account_id": "552940445807",
            "family": "jenkins-ecs-deployment-prod-db",
            "region": "us-east-1",
            "revision": 2
          },
          "private": "eyJzY2hlbWFfdmVyc2lvbiI6IjEifQ==",
          "dependencies": [
            "aws_ecs_cluster.prod",
            "aws_ecs_cluster.qa",
            "aws_ecs_cluster.uat",
            "aws_iam_role.ecs_execution_role"
          ]
        },
        {
          "index_key": "qa",
          "schema_version": 1,
          "attributes": {
            "arn": "arn:aws:ecs:us-east-1:552940445807:task-definition/jenkins-ecs-deployment-qa-db:2",
            "arn_without_revision": "arn:aws:ecs:us-east-1:552940445807:task-definition/jenkins-ecs-deployment-qa-db",
            "container_definitions": "[{\"environment\":[{\"name\":\"MYSQL_DATABASE\",\"value\":\"example\"},{\"name\":\"MYSQL_ROOT_PASSWORD\",\"value\":\"rootpassword\"}],\"essential\":true,\"image\":\"mariadb:10-focal\",\"mountPoints\":[],\"name\":\"db\",\"portMappings\":[{\"containerPort\":3306,\"hostPort\":3306,\"name\":\"mysql\",\"protocol\":\"tcp\"}],\"systemControls\":[],\"volumesFrom\":[]}]",
            "cpu": "256",
            "enable_fault_injection": false,
            "ephemeral_storage": [],
            "execution_role_arn": "arn:aws:iam::552940445807:role/jenkins-ecs-deployment-ecs-execution-role",
            "family": "jenkins-ecs-deployment-qa-db",
            "id": "jenkins-ecs-deployment-qa-db",
            "ipc_mode": "",
            "memory": "512",
            "network_mode": "awsvpc",
            "pid_mode": "",
            "placement_constraints": [],
            "proxy_configuration": [],
            "region": "us-east-1",
            "requires_compatibilities": [
              "FARGATE"
            ],
            "revision": 2,
            "runtime_platform": [],
            "skip_destroy": false,
            "tags": {},
            "tags_all": {},
            "task_role_arn": "",
            "track_latest": false,
            "volume": []
          },
          "sensitive_attributes": [],
          "identity_schema_version": 0,
          "identity": {
            "account_id": "552940445807",
            "family": "jenkins-ecs-deployment-qa-db",
            "region": "us-east-1",
            "revision": 2
          },
          "private": "eyJzY2hlbWFfdmVyc2lvbiI6IjEifQ==",
          "dependencies": [
            "aws_ecs_cluster.prod",
            "aws_ecs_cluster.qa",
            "aws_ecs_cluster.uat",
            "aws_iam_role.ecs_execution_role"
          ]
        },
        {
          "index_key": "uat",
          "schema_version": 1,
          "attributes": {
            "arn": "arn:aws:ecs:us-east-1:552940445807:task-definition/jenkins-ecs-deployment-uat-db:2",
            "arn_without_revision": "arn:aws:ecs:us-east-1:552940445807:task-definition/jenkins-ecs-deployment-uat-db",
            "container_definitions": "[{\"environment\":[{\"name\":\"MYSQL_DATABASE\",\"value\":\"example\"},{\"name\":\"MYSQL_ROOT_PASSWORD\",\"value\":\"rootpassword\"}],\"essential\":true,\"image\":\"mariadb:10-focal\",\"mountPoints\":[],\"name\":\"db\",\"portMappings\":[{\"containerPort\":3306,\"hostPort\":3306,\"name\":\"mysql\",\"protocol\":\"tcp\"}],\"systemControls\":[],\"volumesFrom\":[]}]",
            "cpu": "256",
            "enable_fault_injection": false,
            "ephemeral_storage": [],
            "execution_role_arn": "arn:aws:iam::552940445807:role/jenkins-ecs-deployment-ecs-execution-role",
            "family": "jenkins-ecs-deployment-uat-db",
            "id": "jenkins-ecs-deployment-uat-db",
            "ipc_mode": "",
            "memory": "512",
            "network_mode": "awsvpc",
            "pid_mode": "",
            "placement_constraints": [],
            "proxy_configuration": [],
            "region": "us-east-1",
            "requires_compatibilities": [
              "FARGATE"
            ],
            "revision": 2,
            "runtime_platform": [],
            "skip_destroy": false,
            "tags": {},
            "tags_all": {},
            "task_role_arn": "",
            "track_latest": false,
            "volume": []
          },
          "sensitive_attributes": [],
          "identity_schema_version": 0,
          "identity": {
            "account_id": "552940445807",
            "family": "jenkins-ecs-deployment-uat-db",
            "region": "us-east-1",
            "revision": 2
          },
          "private": "eyJzY2hlbWFfdmVyc2lvbiI6IjEifQ==",
          "dependencies": [
            "aws_ecs_cluster.prod",
            "aws_ecs_cluster.qa",
            "aws_ecs_cluster.uat",
            "aws_iam_role.ecs_execution_role"
          ]
        }
      ]
    },
    {
      "mode": "managed",
      "type": "aws_ecs_task_definition",
      "name": "dev_backend",
      "provider": "provider[\"registry.terraform.io/hashicorp/aws\"]",
      "instances": [
        {
          "schema_version": 1,
          "attributes": {
            "arn": "arn:aws:ecs:us-east-1:552940445807:task-definition/jenkins-ecs-deployment-dev-backend:3",
            "arn_without_revision": "arn:aws:ecs:us-east-1:552940445807:task-definition/jenkins-ecs-deployment-dev-backend",
            "container_definitions": "[{\"environment\":[{\"name\":\"FLASK_APP\",\"value\":\"hello.py\"},{\"name\":\"FLASK_ENV\",\"value\":\"development\"},{\"name\":\"FLASK_RUN_HOST\",\"value\":\"0.0.0.0\"},{\"name\":\"FLASK_RUN_PORT\",\"value\":\"8000\"}],\"essential\":true,\"image\":\"python:3.10-alpine\",\"mountPoints\":[],\"name\":\"backend\",\"portMappings\":[{\"containerPort\":8000,\"hostPort\":8000,\"name\":\"backend\",\"protocol\":\"tcp\"}],\"secrets\":[{\"name\":\"DB_PASSWORD\",\"valueFrom\":\"arn:aws:secretsmanager:us-east-1:552940445807:secret:jenkins-ecs-deployment-db-password-YjBaW1\"}],\"systemControls\":[],\"volumesFrom\":[]}]",
            "cpu": "256",
            "enable_fault_injection": false,
            "ephemeral_storage": [],
            "execution_role_arn": "arn:aws:iam::552940445807:role/jenkins-ecs-deployment-ecs-execution-role",
            "family": "jenkins-ecs-deployment-dev-backend",
            "id": "jenkins-ecs-deployment-dev-backend",
            "ipc_mode": "",
            "memory": "512",
            "network_mode": "awsvpc",
            "pid_mode": "",
            "placement_constraints": [],
            "proxy_configuration": [],
            "region": "us-east-1",
            "requires_compatibilities": [
              "FARGATE"
            ],
            "revision": 3,
            "runtime_platform": [],
            "skip_destroy": false,
            "tags": {},
            "tags_all": {},
            "task_role_arn": "",
            "track_latest": false,
            "volume": []
          },
          "sensitive_attributes": [],
          "identity_schema_version": 0,
          "identity": {
            "account_id": "552940445807",
            "family": "jenkins-ecs-deployment-dev-backend",
            "region": "us-east-1",
            "revision": 3
          },
          "private": "eyJzY2hlbWFfdmVyc2lvbiI6IjEifQ==",
          "dependencies": [
            "aws_iam_role.ecs_execution_role",
            "data.aws_secretsmanager_secret.db_password"
          ]
        }
      ]
    },
    {
      "mode": "managed",
      "type": "aws_ecs_task_definition",
      "name": "dev_db",
      "provider": "provider[\"registry.terraform.io/hashicorp/aws\"]",
      "instances": [
        {
          "schema_version": 1,
          "attributes": {
            "arn": "arn:aws:ecs:us-east-1:552940445807:task-definition/jenkins-ecs-deployment-dev-db:2",
            "arn_without_revision": "arn:aws:ecs:us-east-1:552940445807:task-definition/jenkins-ecs-deployment-dev-db",
            "container_definitions": "[{\"environment\":[{\"name\":\"MYSQL_DATABASE\",\"value\":\"example\"},{\"name\":\"MYSQL_ROOT_PASSWORD_FILE\",\"value\":\"/run/secrets/db-password\"}],\"essential\":true,\"image\":\"mariadb:10-focal\",\"mountPoints\":[],\"name\":\"db\",\"portMappings\":[{\"containerPort\":3306,\"hostPort\":3306,\"name\":\"mysql\",\"protocol\":\"tcp\"}],\"secrets\":[{\"name\":\"MYSQL_ROOT_PASSWORD\",\"valueFrom\":\"arn:aws:secretsmanager:us-east-1:552940445807:secret:jenkins-ecs-deployment-db-password-YjBaW1\"}],\"systemControls\":[],\"volumesFrom\":[]}]",
            "cpu": "256",
            "enable_fault_injection": false,
            "ephemeral_storage": [],
            "execution_role_arn": "arn:aws:iam::552940445807:role/jenkins-ecs-deployment-ecs-execution-role",
            "family": "jenkins-ecs-deployment-dev-db",
            "id": "jenkins-ecs-deployment-dev-db",
            "ipc_mode": "",
            "memory": "512",
            "network_mode": "awsvpc",
            "pid_mode": "",
            "placement_constraints": [],
            "proxy_configuration": [],
            "region": "us-east-1",
            "requires_compatibilities": [
              "FARGATE"
            ],
            "revision": 2,
            "runtime_platform": [],
            "skip_destroy": false,
            "tags": {},
            "tags_all": {},
            "task_role_arn": "",
            "track_latest": false,
            "volume": []
          },
          "sensitive_attributes": [],
          "identity_schema_version": 0,
          "identity": {
            "account_id": "552940445807",
            "family": "jenkins-ecs-deployment-dev-db",
            "region": "us-east-1",
            "revision": 2
          },
          "private": "eyJzY2hlbWFfdmVyc2lvbiI6IjEifQ==",
          "dependencies": [
            "aws_iam_role.ecs_execution_role",
            "data.aws_secretsmanager_secret.db_password"
          ]
        }
      ]
    },
    {
      "mode": "managed",
      "type": "aws_ecs_task_definition",
      "name": "dev_frontend",
      "provider": "provider[\"registry.terraform.io/hashicorp/aws\"]",
      "instances": [
        {
          "schema_version": 1,
          "attributes": {
            "arn": "arn:aws:ecs:us-east-1:552940445807:task-definition/jenkins-ecs-deployment-dev-frontend:3",
            "arn_without_revision": "arn:aws:ecs:us-east-1:552940445807:task-definition/jenkins-ecs-deployment-dev-frontend",
            "container_definitions": "[{\"environment\":[],\"essential\":true,\"image\":\"nginx:1.13-alpine\",\"mountPoints\":[],\"name\":\"frontend\",\"portMappings\":[{\"containerPort\":80,\"hostPort\":80,\"protocol\":\"tcp\"}],\"systemControls\":[],\"volumesFrom\":[]}]",
            "cpu": "256",
            "enable_fault_injection": false,
            "ephemeral_storage": [],
            "execution_role_arn": "arn:aws:iam::552940445807:role/jenkins-ecs-deployment-ecs-execution-role",
            "family": "jenkins-ecs-deployment-dev-frontend",
            "id": "jenkins-ecs-deployment-dev-frontend",
            "ipc_mode": "",
            "memory": "512",
            "network_mode": "awsvpc",
            "pid_mode": "",
            "placement_constraints": [],
            "proxy_configuration": [],
            "region": "us-east-1",
            "requires_compatibilities": [
              "FARGATE"
            ],
            "revision": 3,
            "runtime_platform": [],
            "skip_destroy": false,
            "tags": {},
            "tags_all": {},
            "task_role_arn": "",
            "track_latest": false,
            "volume": []
          },
          "sensitive_attributes": [],
          "identity_schema_version": 0,
          "identity": {
            "account_id": "552940445807",
            "family": "jenkins-ecs-deployment-dev-frontend",
            "region": "us-east-1",
            "revision": 3
          },
          "private": "eyJzY2hlbWFfdmVyc2lvbiI6IjEifQ==",
          "dependencies": [
            "aws_iam_role.ecs_execution_role"
          ]
        }
      ]
    },
    {
      "mode": "managed",
      "type": "aws_ecs_task_definition",
      "name": "frontend",
      "provider": "provider[\"registry.terraform.io/hashicorp/aws\"]",
      "instances": [
        {
          "index_key": "prod",
          "schema_version": 1,
          "attributes": {
            "arn": "arn:aws:ecs:us-east-1:552940445807:task-definition/jenkins-ecs-deployment-prod-frontend:2",
            "arn_without_revision": "arn:aws:ecs:us-east-1:552940445807:task-definition/jenkins-ecs-deployment-prod-frontend",
            "container_definitions": "[{\"environment\":[],\"essential\":true,\"image\":\"nginx:1.13-alpine\",\"mountPoints\":[],\"name\":\"frontend\",\"portMappings\":[{\"containerPort\":80,\"hostPort\":80,\"name\":\"frontend\",\"protocol\":\"tcp\"}],\"systemControls\":[],\"volumesFrom\":[]}]",
            "cpu": "256",
            "enable_fault_injection": false,
            "ephemeral_storage": [],
            "execution_role_arn": "arn:aws:iam::552940445807:role/jenkins-ecs-deployment-ecs-execution-role",
            "family": "jenkins-ecs-deployment-prod-frontend",
            "id": "jenkins-ecs-deployment-prod-frontend",
            "ipc_mode": "",
            "memory": "512",
            "network_mode": "awsvpc",
            "pid_mode": "",
            "placement_constraints": [],
            "proxy_configuration": [],
            "region": "us-east-1",
            "requires_compatibilities": [
              "FARGATE"
            ],
            "revision": 2,
            "runtime_platform": [],
            "skip_destroy": false,
            "tags": {},
            "tags_all": {},
            "task_role_arn": "",
            "track_latest": false,
            "volume": []
          },
          "sensitive_attributes": [],
          "identity_schema_version": 0,
          "identity": {
            "account_id": "552940445807",
            "family": "jenkins-ecs-deployment-prod-frontend",
            "region": "us-east-1",
            "revision": 2
          },
          "private": "eyJzY2hlbWFfdmVyc2lvbiI6IjEifQ==",
          "dependencies": [
            "aws_ecs_cluster.prod",
            "aws_ecs_cluster.qa",
            "aws_ecs_cluster.uat",
            "aws_iam_role.ecs_execution_role"
          ]
        },
        {
          "index_key": "qa",
          "schema_version": 1,
          "attributes": {
            "arn": "arn:aws:ecs:us-east-1:552940445807:task-definition/jenkins-ecs-deployment-qa-frontend:2",
            "arn_without_revision": "arn:aws:ecs:us-east-1:552940445807:task-definition/jenkins-ecs-deployment-qa-frontend",
            "container_definitions": "[{\"environment\":[],\"essential\":true,\"image\":\"nginx:1.13-alpine\",\"mountPoints\":[],\"name\":\"frontend\",\"portMappings\":[{\"containerPort\":80,\"hostPort\":80,\"name\":\"frontend\",\"protocol\":\"tcp\"}],\"systemControls\":[],\"volumesFrom\":[]}]",
            "cpu": "256",
            "enable_fault_injection": false,
            "ephemeral_storage": [],
            "execution_role_arn": "arn:aws:iam::552940445807:role/jenkins-ecs-deployment-ecs-execution-role",
            "family": "jenkins-ecs-deployment-qa-frontend",
            "id": "jenkins-ecs-deployment-qa-frontend",
            "ipc_mode": "",
            "memory": "512",
            "network_mode": "awsvpc",
            "pid_mode": "",
            "placement_constraints": [],
            "proxy_configuration": [],
            "region": "us-east-1",
            "requires_compatibilities": [
              "FARGATE"
            ],
            "revision": 2,
            "runtime_platform": [],
            "skip_destroy": false,
            "tags": {},
            "tags_all": {},
            "task_role_arn": "",
            "track_latest": false,
            "volume": []
          },
          "sensitive_attributes": [],
          "identity_schema_version": 0,
          "identity": {
            "account_id": "552940445807",
            "family": "jenkins-ecs-deployment-qa-frontend",
            "region": "us-east-1",
            "revision": 2
          },
          "private": "eyJzY2hlbWFfdmVyc2lvbiI6IjEifQ==",
          "dependencies": [
            "aws_ecs_cluster.prod",
            "aws_ecs_cluster.qa",
            "aws_ecs_cluster.uat",
            "aws_iam_role.ecs_execution_role"
          ]
        },
        {
          "index_key": "uat",
          "schema_version": 1,
          "attributes": {
            "arn": "arn:aws:ecs:us-east-1:552940445807:task-definition/jenkins-ecs-deployment-uat-frontend:2",
            "arn_without_revision": "arn:aws:ecs:us-east-1:552940445807:task-definition/jenkins-ecs-deployment-uat-frontend",
            "container_definitions": "[{\"environment\":[],\"essential\":true,\"image\":\"nginx:1.13-alpine\",\"mountPoints\":[],\"name\":\"frontend\",\"portMappings\":[{\"containerPort\":80,\"hostPort\":80,\"name\":\"frontend\",\"protocol\":\"tcp\"}],\"systemControls\":[],\"volumesFrom\":[]}]",
            "cpu": "256",
            "enable_fault_injection": false,
            "ephemeral_storage": [],
            "execution_role_arn": "arn:aws:iam::552940445807:role/jenkins-ecs-deployment-ecs-execution-role",
            "family": "jenkins-ecs-deployment-uat-frontend",
            "id": "jenkins-ecs-deployment-uat-frontend",
            "ipc_mode": "",
            "memory": "512",
            "network_mode": "awsvpc",
            "pid_mode": "",
            "placement_constraints": [],
            "proxy_configuration": [],
            "region": "us-east-1",
            "requires_compatibilities": [
              "FARGATE"
            ],
            "revision": 2,
            "runtime_platform": [],
            "skip_destroy": false,
            "tags": {},
            "tags_all": {},
            "task_role_arn": "",
            "track_latest": false,
            "volume": []
          },
          "sensitive_attributes": [],
          "identity_schema_version": 0,
          "identity": {
            "account_id": "552940445807",
            "family": "jenkins-ecs-deployment-uat-frontend",
            "region": "us-east-1",
            "revision": 2
          },
          "private": "eyJzY2hlbWFfdmVyc2lvbiI6IjEifQ==",
          "dependencies": [
            "aws_ecs_cluster.prod",
            "aws_ecs_cluster.qa",
            "aws_ecs_cluster.uat",
            "aws_iam_role.ecs_execution_role"
          ]
        }
      ]
    },
    {
      "mode": "managed",
      "type": "aws_iam_role",
      "name": "ecs_execution_role",
      "provider": "provider[\"registry.terraform.io/hashicorp/aws\"]",
      "instances": [
        {
          "schema_version": 0,
          "attributes": {
            "arn": "arn:aws:iam::552940445807:role/jenkins-ecs-deployment-ecs-execution-role",
            "assume_role_policy": "{\"Statement\":[{\"Action\":\"sts:AssumeRole\",\"Effect\":\"Allow\",\"Principal\":{\"Service\":\"ecs-tasks.amazonaws.com\"}}],\"Version\":\"2012-10-17\"}",
            "create_date": "2026-09-22T06:20:13Z",
            "description": "",
            "force_detach_policies": false,
            "id": "jenkins-ecs-deployment-ecs-execution-role",
            "inline_policy": [
              {
                "name": "jenkins-ecs-deployment-ecs-execution-secrets",
                "policy": "{\"Version\":\"2012-10-17\",\"Statement\":[{\"Action\":[\"secretsmanager:GetSecretValue\"],\"Effect\":\"Allow\",\"Resource\":\"arn:aws:secretsmanager:us-east-1:552940445807:secret:jenkins-ecs-deployment-db-password-YjBaW1\"}]}"
              }
            ],
            "managed_policy_arns": [
              "arn:aws:iam::aws:policy/service-role/AmazonECSTaskExecutionRolePolicy"
            ],
            "max_session_duration": 3600,
            "name": "jenkins-ecs-deployment-ecs-execution-role",
            "name_prefix": "",
            "path": "/",
            "permissions_boundary": "",
            "tags": {},
            "tags_all": {},
            "unique_id": "AROAYBPORUBX4JT2VGFOJ"
          },
          "sensitive_attributes": [],
          "identity_schema_version": 0,
          "identity": {
            "account_id": "552940445807",
            "name": "jenkins-ecs-deployment-ecs-execution-role"
          },
          "private": "bnVsbA=="
        }
      ]
    },
    {
      "mode": "managed",
      "type": "aws_iam_role_policy",
      "name": "ecs_execution_secrets",
      "provider": "provider[\"registry.terraform.io/hashicorp/aws\"]",
      "instances": [
        {
          "schema_version": 0,
          "attributes": {
            "id": "jenkins-ecs-deployment-ecs-execution-role:jenkins-ecs-deployment-ecs-execution-secrets",
            "name": "jenkins-ecs-deployment-ecs-execution-secrets",
            "name_prefix": "",
            "policy": "{\"Version\":\"2012-10-17\",\"Statement\":[{\"Action\":[\"secretsmanager:GetSecretValue\"],\"Effect\":\"Allow\",\"Resource\":\"arn:aws:secretsmanager:us-east-1:552940445807:secret:jenkins-ecs-deployment-db-password-YjBaW1\"}]}",
            "role": "jenkins-ecs-deployment-ecs-execution-role"
          },
          "sensitive_attributes": [],
          "identity_schema_version": 0,
          "identity": {
            "account_id": "552940445807",
            "name": "jenkins-ecs-deployment-ecs-execution-secrets",
            "role": "jenkins-ecs-deployment-ecs-execution-role"
          },
          "private": "bnVsbA==",
          "dependencies": [
            "aws_iam_role.ecs_execution_role",
            "data.aws_secretsmanager_secret.db_password"
          ]
        }
      ]
    },
    {
      "mode": "managed",
      "type": "aws_iam_role_policy_attachment",
      "name": "ecs_execution",
      "provider": "provider[\"registry.terraform.io/hashicorp/aws\"]",
      "instances": [
        {
          "schema_version": 0,
          "attributes": {
            "id": "jenkins-ecs-deployment-ecs-execution-role/arn:aws:iam::aws:policy/service-role/AmazonECSTaskExecutionRolePolicy",
            "policy_arn": "arn:aws:iam::aws:policy/service-role/AmazonECSTaskExecutionRolePolicy",
            "role": "jenkins-ecs-deployment-ecs-execution-role"
          },
          "sensitive_attributes": [],
          "identity_schema_version": 0,
          "identity": {
            "account_id": "552940445807",
            "policy_arn": "arn:aws:iam::aws:policy/service-role/AmazonECSTaskExecutionRolePolicy",
            "role": "jenkins-ecs-deployment-ecs-execution-role"
          },
          "private": "bnVsbA==",
          "dependencies": [
            "aws_iam_role.ecs_execution_role"
          ]
        }
      ]
    },
    {
      "mode": "managed",
      "type": "aws_security_group",
      "name": "ecs",
      "provider": "provider[\"registry.terraform.io/hashicorp/aws\"]",
      "instances": [
        {
          "schema_version": 1,
          "attributes": {
            "arn": "arn:aws:ec2:us-east-1:552940445807:security-group/sg-04dd037b58929e473",
            "description": "Security group for ECS services",
            "egress": [
              {
                "cidr_blocks": [
                  "0.0.0.0/0"
                ],
                "description": "Allow all outbound traffic",
                "from_port": 0,
                "ipv6_cidr_blocks": [],
                "prefix_list_ids": [],
                "protocol": "-1",
                "security_groups": [],
                "self": false,
                "to_port": 0
              }
            ],
            "id": "sg-04dd037b58929e473",
            "ingress": [
              {
                "cidr_blocks": [
                  "0.0.0.0/0"
                ],
                "description": "HTTP",
                "from_port": 80,
                "ipv6_cidr_blocks": [],
                "prefix_list_ids": [],
                "protocol": "tcp",
                "security_groups": [],
                "self": false,
                "to_port": 80
              }
            ],
            "name": "jenkins-ecs-deployment-ecs-sg",
            "name_prefix": "",
            "owner_id": "552940445807",
            "region": "us-east-1",
            "revoke_rules_on_delete": false,
            "tags": {},
            "tags_all": {},
            "timeouts": null,
            "vpc_id": "vpc-02cb40b4e650bf1fb"
          },
          "sensitive_attributes": [],
          "identity_schema_version": 0,
          "identity": {
            "account_id": "552940445807",
            "id": "sg-04dd037b58929e473",
            "region": "us-east-1"
          },
          "private": "eyJlMmJmYjczMC1lY2FhLTExZTYtOGY4OC0zNDM2M2JjN2M0YzAiOnsiY3JlYXRlIjo2MDAwMDAwMDAwMDAsImRlbGV0ZSI6OTAwMDAwMDAwMDAwfSwic2NoZW1hX3ZlcnNpb24iOiIxIn0=",
          "dependencies": [
            "data.aws_vpc.main"
          ]
        }
      ]
    },
    {
      "mode": "managed",
      "type": "aws_service_discovery_http_namespace",
      "name": "app1_dev",
      "provider": "provider[\"registry.terraform.io/hashicorp/aws\"]",
      "instances": [
        {
          "schema_version": 0,
          "attributes": {
            "arn": "arn:aws:servicediscovery:us-east-1:552940445807:namespace/ns-jerrpqcwb7hw2p2l",
            "description": "",
            "http_name": "app1-dev",
            "id": "ns-jerrpqcwb7hw2p2l",
            "name": "app1-dev",
            "region": "us-east-1",
            "tags": {},
            "tags_all": {}
          },
          "sensitive_attributes": [],
          "identity_schema_version": 0,
          "private": "bnVsbA=="
        }
      ]
    },
    {
      "mode": "managed",
      "type": "aws_service_discovery_http_namespace",
      "name": "app1_prod",
      "provider": "provider[\"registry.terraform.io/hashicorp/aws\"]",
      "instances": [
        {
          "schema_version": 0,
          "attributes": {
            "arn": "arn:aws:servicediscovery:us-east-1:552940445807:namespace/ns-gtclfg3l33c65fsr",
            "description": "",
            "http_name": "app1-prod",
            "id": "ns-gtclfg3l33c65fsr",
            "name": "app1-prod",
            "region": "us-east-1",
            "tags": {},
            "tags_all": {}
          },
          "sensitive_attributes": [],
          "identity_schema_version": 0,
          "private": "bnVsbA=="
        }
      ]
    },
    {
      "mode": "managed",
      "type": "aws_service_discovery_http_namespace",
      "name": "app1_qa",
      "provider": "provider[\"registry.terraform.io/hashicorp/aws\"]",
      "instances": [
        {
          "schema_version": 0,
          "attributes": {
            "arn": "arn:aws:servicediscovery:us-east-1:552940445807:namespace/ns-aqi5ojf4y3gj24tm",
            "description": "",
            "http_name": "app1-qa",
            "id": "ns-aqi5ojf4y3gj24tm",
            "name": "app1-qa",
            "region": "us-east-1",
            "tags": {},
            "tags_all": {}
          },
          "sensitive_attributes": [],
          "identity_schema_version": 0,
          "private": "bnVsbA=="
        }
      ]
    },
    {
      "mode": "managed",
      "type": "aws_service_discovery_http_namespace",
      "name": "app1_uat",
      "provider": "provider[\"registry.terraform.io/hashicorp/aws\"]",
      "instances": [
        {
          "schema_version": 0,
          "attributes": {
            "arn": "arn:aws:servicediscovery:us-east-1:552940445807:namespace/ns-kb44jyo2gcgmvn5g",
            "description": "",
            "http_name": "app1-uat",
            "id": "ns-kb44jyo2gcgmvn5g",
            "name": "app1-uat",
            "region": "us-east-1",
            "tags": {},
            "tags_all": {}
          },
          "sensitive_attributes": [],
          "identity_schema_version": 0,
          "private": "bnVsbA=="
        }
      ]
    }
  ],
  "check_results": null
}
